// !$*UTF8*$!
{
	archiveVersion = 1;
	classes = {
	};
	objectVersion = 56;
	objects = {

/* Begin PBXBuildFile section */
		6D63FC7D678C761AA52F6F58 /* Pods_AlxAdsDemo.framework in Frameworks */ = {isa = PBXBuildFile; fileRef = EF81CDE6E5E47A94D03396C6 /* Pods_AlxAdsDemo.framework */; };
		BA3239C52F5970DD009DA008 /* AlxAdmobNetworkExtras.swift in Sources */ = {isa = PBXBuildFile; fileRef = BA32399A2F596F9A009DA008 /* AlxAdmobNetworkExtras.swift */; };
		BA3239C62F5970DD009DA008 /* AlxAdmobBaseAdapter.swift in Sources */ = {isa = PBXBuildFile; fileRef = BA3239962F596F9A009DA008 /* AlxAdmobBaseAdapter.swift */; };
		BA3239C72F5970DD009DA008 /* AlxAdmobInterstitialAdapter.swift in Sources */ = {isa = PBXBuildFile; fileRef = BA3239972F596F9A009DA008 /* AlxAdmobInterstitialAdapter.swift */; };
		BA3239C82F5970DD009DA008 /* AlxAdmobMetaInfo.swift in Sources */ = {isa = PBXBuildFile; fileRef = BA3239982F596F9A009DA008 /* AlxAdmobMetaInfo.swift */; };
		BA3239C92F5970DD009DA008 /* AlxAdmobRewardVideoAdapter.swift in Sources */ = {isa = PBXBuildFile; fileRef = BA32399B2F596F9A009DA008 /* AlxAdmobRewardVideoAdapter.swift */; };
		BA3239CA2F5970DD009DA008 /* AlxAdmobNativeAdapter.swift in Sources */ = {isa = PBXBuildFile; fileRef = BA3239992F596F9A009DA008 /* AlxAdmobNativeAdapter.swift */; };
		BA3239CB2F5970DD009DA008 /* AlxAdmobBannerAdapter.swift in Sources */ = {isa = PBXBuildFile; fileRef = BA3239952F596F9A009DA008 /* AlxAdmobBannerAdapter.swift */; };
		BA3239DA2F5970EB009DA008 /* AlxMaxMediationAdapter.swift in Sources */ = {isa = PBXBuildFile; fileRef = BA32399D2F596F9A009DA008 /* AlxMaxMediationAdapter.swift */; };
		BA4EEED42F7CC1AC00D20422 /* AlxAds.xcframework in Frameworks */ = {isa = PBXBuildFile; fileRef = BA4EEED22F7CC19200D20422 /* AlxAds.xcframework */; };
		BA4EEED52F7CC1AC00D20422 /* AlxAds.xcframework in Embed Frameworks */ = {isa = PBXBuildFile; fileRef = BA4EEED22F7CC19200D20422 /* AlxAds.xcframework */; settings = {ATTRIBUTES = (CodeSignOnCopy, RemoveHeadersOnCopy, ); }; };
		BA4EEED72F7CFAA100D20422 /* BaseMenuVC.swift in Sources */ = {isa = PBXBuildFile; fileRef = BA4EEED62F7CFAA100D20422 /* BaseMenuVC.swift */; };
		BA7D801F2ED6A49000B78B40 /* AlxBannerXibVC.xib in Resources */ = {isa = PBXBuildFile; fileRef = BA7D80152ED6A49000B78B40 /* AlxBannerXibVC.xib */; };
		BA7D80202ED6A49000B78B40 /* AlxInterstitialBannerVC.swift in Sources */ = {isa = PBXBuildFile; fileRef = BA7D80192ED6A49000B78B40 /* AlxInterstitialBannerVC.swift */; };
		BA7D80212ED6A49000B78B40 /* AlxRewardVideoVC.swift in Sources */ = {isa = PBXBuildFile; fileRef = BA7D801D2ED6A49000B78B40 /* AlxRewardVideoVC.swift */; };
		BA7D80222ED6A49000B78B40 /* AlxMainVC.swift in Sources */ = {isa = PBXBuildFile; fileRef = BA7D801B2ED6A49000B78B40 /* AlxMainVC.swift */; };
		BA7D80232ED6A49000B78B40 /* AlxBannerXibVC.swift in Sources */ = {isa = PBXBuildFile; fileRef = BA7D80142ED6A49000B78B40 /* AlxBannerXibVC.swift */; };
		BA7D80242ED6A49000B78B40 /* AlxInterstitialVC.swift in Sources */ = {isa = PBXBuildFile; fileRef = BA7D801A2ED6A49000B78B40 /* AlxInterstitialVC.swift */; };
		BA7D80252ED6A49000B78B40 /* AlxNativeVC.swift in Sources */ = {isa = PBXBuildFile; fileRef = BA7D801C2ED6A49000B78B40 /* AlxNativeVC.swift */; };
		BA7D80262ED6A49000B78B40 /* AlxBannerVC.swift in Sources */ = {isa = PBXBuildFile; fileRef = BA7D80182ED6A49000B78B40 /* AlxBannerVC.swift */; };
		BA85CB282F5989D6004C86CA /* AlxTopOnInterstitialEvent.swift in Sources */ = {isa = PBXBuildFile; fileRef = BA85CB1C2F5989D6004C86CA /* AlxTopOnInterstitialEvent.swift */; };
		BA85CB292F5989D6004C86CA /* AlxTopOnMetaInfo.swift in Sources */ = {isa = PBXBuildFile; fileRef = BA85CB112F5989D6004C86CA /* AlxTopOnMetaInfo.swift */; };
		BA85CB2A2F5989D6004C86CA /* AlxTopOnBannerEvent.swift in Sources */ = {isa = PBXBuildFile; fileRef = BA85CB152F5989D6004C86CA /* AlxTopOnBannerEvent.swift */; };
		BA85CB2B2F5989D6004C86CA /* AlxTopOnNativeRender.swift in Sources */ = {isa = PBXBuildFile; fileRef = BA85CB222F5989D6004C86CA /* AlxTopOnNativeRender.swift */; };
		BA85CB2C2F5989D6004C86CA /* AlxTopOnBannerDelegate.swift in Sources */ = {isa = PBXBuildFile; fileRef = BA85CB142F5989D6004C86CA /* AlxTopOnBannerDelegate.swift */; };
		BA85CB2D2F5989D6004C86CA /* AlxTopOnRewardVideoAdapter.swift in Sources */ = {isa = PBXBuildFile; fileRef = BA85CB242F5989D6004C86CA /* AlxTopOnRewardVideoAdapter.swift */; };
		BA85CB2E2F5989D6004C86CA /* AlxTopOnTool.swift in Sources */ = {isa = PBXBuildFile; fileRef = BA85CB122F5989D6004C86CA /* AlxTopOnTool.swift */; };
		BA85CB2F2F5989D6004C86CA /* AlxTopOnBiddingRequest.swift in Sources */ = {isa = PBXBuildFile; fileRef = BA85CB0E2F5989D6004C86CA /* AlxTopOnBiddingRequest.swift */; };
		BA85CB302F5989D6004C86CA /* AlxTopOnRewardVideoDelegate.swift in Sources */ = {isa = PBXBuildFile; fileRef = BA85CB252F5989D6004C86CA /* AlxTopOnRewardVideoDelegate.swift */; };
		BA85CB312F5989D6004C86CA /* AlxTopOnNativeEvent.swift in Sources */ = {isa = PBXBuildFile; fileRef = BA85CB202F5989D6004C86CA /* AlxTopOnNativeEvent.swift */; };
		BA85CB322F5989D6004C86CA /* AlxTopOnBiddingRequestManager.swift in Sources */ = {isa = PBXBuildFile; fileRef = BA85CB0F2F5989D6004C86CA /* AlxTopOnBiddingRequestManager.swift */; };
		BA85CB332F5989D6004C86CA /* AlxTopOnBaseAdapter.swift in Sources */ = {isa = PBXBuildFile; fileRef = BA85CB172F5989D6004C86CA /* AlxTopOnBaseAdapter.swift */; };
		BA85CB342F5989D6004C86CA /* AlxTopOnNativeAdapter.swift in Sources */ = {isa = PBXBuildFile; fileRef = BA85CB1E2F5989D6004C86CA /* AlxTopOnNativeAdapter.swift */; };
		BA85CB352F5989D6004C86CA /* AlxTopOnDebugHelper.swift in Sources */ = {isa = PBXBuildFile; fileRef = BA85CB102F5989D6004C86CA /* AlxTopOnDebugHelper.swift */; };
		BA85CB362F5989D6004C86CA /* AlxTopOnNativeDelegate.swift in Sources */ = {isa = PBXBuildFile; fileRef = BA85CB1F2F5989D6004C86CA /* AlxTopOnNativeDelegate.swift */; };
		BA85CB372F5989D6004C86CA /* AlxTopOnInterstitialDelegate.swift in Sources */ = {isa = PBXBuildFile; fileRef = BA85CB1B2F5989D6004C86CA /* AlxTopOnInterstitialDelegate.swift */; };
		BA85CB382F5989D6004C86CA /* AlxTopOnInitAdapter.swift in Sources */ = {isa = PBXBuildFile; fileRef = BA85CB182F5989D6004C86CA /* AlxTopOnInitAdapter.swift */; };
		BA85CB392F5989D6004C86CA /* AlxTopOnRewardVideoEvent.swift in Sources */ = {isa = PBXBuildFile; fileRef = BA85CB262F5989D6004C86CA /* AlxTopOnRewardVideoEvent.swift */; };
		BA85CB3A2F5989D6004C86CA /* AlxTopOnBaseManager.swift in Sources */ = {isa = PBXBuildFile; fileRef = BA85CB0D2F5989D6004C86CA /* AlxTopOnBaseManager.swift */; };
		BA85CB3B2F5989D6004C86CA /* AlxTopOnNativeObject.swift in Sources */ = {isa = PBXBuildFile; fileRef = BA85CB212F5989D6004C86CA /* AlxTopOnNativeObject.swift */; };
		BA85CB3C2F5989D6004C86CA /* AlxTopOnBannerAdapter.swift in Sources */ = {isa = PBXBuildFile; fileRef = BA85CB132F5989D6004C86CA /* AlxTopOnBannerAdapter.swift */; };
		BA85CB3D2F5989D6004C86CA /* AlxTopOnInterstitialAdapter.swift in Sources */ = {isa = PBXBuildFile; fileRef = BA85CB1A2F5989D6004C86CA /* AlxTopOnInterstitialAdapter.swift */; };
		BADDD12E2F7A4CBB0076B5C3 /* ISAlxCustomRewardedVideo.swift in Sources */ = {isa = PBXBuildFile; fileRef = BADDD12B2F7A4CBB0076B5C3 /* ISAlxCustomRewardedVideo.swift */; };
		BADDD1312F7A4CBB0076B5C3 /* ISAlxCustomBanner.swift in Sources */ = {isa = PBXBuildFile; fileRef = BADDD1292F7A4CBB0076B5C3 /* ISAlxCustomBanner.swift */; };
		BADDD1322F7A4CBB0076B5C3 /* ISAlxCustomAdapter.swift in Sources */ = {isa = PBXBuildFile; fileRef = BADDD1282F7A4CBB0076B5C3 /* ISAlxCustomAdapter.swift */; };
		BADDD1342F7A4CBB0076B5C3 /* AlxLevelPlayMetaInfo.swift in Sources */ = {isa = PBXBuildFile; fileRef = BADDD1272F7A4CBB0076B5C3 /* AlxLevelPlayMetaInfo.swift */; };
		BADDD1372F7A4CBB0076B5C3 /* ISAlxCustomInterstitial.swift in Sources */ = {isa = PBXBuildFile; fileRef = BADDD12A2F7A4CBB0076B5C3 /* ISAlxCustomInterstitial.swift */; };
		E308168E2E3C7372002E3112 /* AdmobBannerVC.swift in Sources */ = {isa = PBXBuildFile; fileRef = E30816892E3C7372002E3112 /* AdmobBannerVC.swift */; };
		E308168F2E3C7372002E3112 /* AdmobMainVC.swift in Sources */ = {isa = PBXBuildFile; fileRef = E308168B2E3C7372002E3112 /* AdmobMainVC.swift */; };
		E30816902E3C7372002E3112 /* AdmobInterstitialVC.swift in Sources */ = {isa = PBXBuildFile; fileRef = E308168A2E3C7372002E3112 /* AdmobInterstitialVC.swift */; };
		E30816912E3C7372002E3112 /* AdmobNativeVC.swift in Sources */ = {isa = PBXBuildFile; fileRef = E308168C2E3C7372002E3112 /* AdmobNativeVC.swift */; };
		E30816922E3C7372002E3112 /* AdmobRewardVideoVC.swift in Sources */ = {isa = PBXBuildFile; fileRef = E308168D2E3C7372002E3112 /* AdmobRewardVideoVC.swift */; };
		E30816982E3C738B002E3112 /* MaxInterstitialVC.swift in Sources */ = {isa = PBXBuildFile; fileRef = E30816942E3C738B002E3112 /* MaxInterstitialVC.swift */; };
		E30816992E3C738B002E3112 /* MaxMainVC.swift in Sources */ = {isa = PBXBuildFile; fileRef = E30816952E3C738B002E3112 /* MaxMainVC.swift */; };
		E308169A2E3C738B002E3112 /* MaxNativeVC.swift in Sources */ = {isa = PBXBuildFile; fileRef = E30816962E3C738B002E3112 /* MaxNativeVC.swift */; };
		E308169B2E3C738B002E3112 /* MaxRewardVideoVC.swift in Sources */ = {isa = PBXBuildFile; fileRef = E30816972E3C738B002E3112 /* MaxRewardVideoVC.swift */; };
		E308169C2E3C738B002E3112 /* MaxBannerVC.swift in Sources */ = {isa = PBXBuildFile; fileRef = E30816932E3C738B002E3112 /* MaxBannerVC.swift */; };
		E319563F2DF7D9D60083BC3C /* Localizable.strings in Resources */ = {isa = PBXBuildFile; fileRef = E319563D2DF7D9D60083BC3C /* Localizable.strings */; };
		E31956542DF7DA940083BC3C /* MainVC.swift in Sources */ = {isa = PBXBuildFile; fileRef = E31956532DF7DA940083BC3C /* MainVC.swift */; };
		E33E7AC92DD4A0CB00C724B9 /* BaseUIViewController.swift in Sources */ = {isa = PBXBuildFile; fileRef = E33E7AC82DD4A0CB00C724B9 /* BaseUIViewController.swift */; };
		E33E7ACB2DD4A0E900C724B9 /* AdConfig.swift in Sources */ = {isa = PBXBuildFile; fileRef = E33E7ACA2DD4A0E900C724B9 /* AdConfig.swift */; };
		E33E7AEC2DD4AACF00C724B9 /* UIImageView+Extensions.swift in Sources */ = {isa = PBXBuildFile; fileRef = E33E7AEB2DD4AACF00C724B9 /* UIImageView+Extensions.swift */; };
		E3D661E02E79573E00913616 /* TopOnNativeVC.swift in Sources */ = {isa = PBXBuildFile; fileRef = E3D661DC2E79573E00913616 /* TopOnNativeVC.swift */; };
		E3D661E12E79573E00913616 /* TopOnInterstitialVC.swift in Sources */ = {isa = PBXBuildFile; fileRef = E3D661D92E79573E00913616 /* TopOnInterstitialVC.swift */; };
		E3D661E22E79573E00913616 /* TopOnMainVC.swift in Sources */ = {isa = PBXBuildFile; fileRef = E3D661DA2E79573E00913616 /* TopOnMainVC.swift */; };
		E3D661E32E79573E00913616 /* TopOnNativeSelfRenderVC.swift in Sources */ = {isa = PBXBuildFile; fileRef = E3D661DB2E79573E00913616 /* TopOnNativeSelfRenderVC.swift */; };
		E3D661E42E79573E00913616 /* TopOnRewardVideoVC.swift in Sources */ = {isa = PBXBuildFile; fileRef = E3D661DD2E79573E00913616 /* TopOnRewardVideoVC.swift */; };
		E3D661E52E79573E00913616 /* TopOnBannerVC.swift in Sources */ = {isa = PBXBuildFile; fileRef = E3D661D82E79573E00913616 /* TopOnBannerVC.swift */; };
		E3D661E62E79573E00913616 /* TopOnSelfRenderView.swift in Sources */ = {isa = PBXBuildFile; fileRef = E3D661DE2E79573E00913616 /* TopOnSelfRenderView.swift */; };
		E3EC00632DD4933B00485DAF /* AppDelegate.swift in Sources */ = {isa = PBXBuildFile; fileRef = E3EC00622DD4933B00485DAF /* AppDelegate.swift */; };
		E3EC00652DD4933B00485DAF /* SceneDelegate.swift in Sources */ = {isa = PBXBuildFile; fileRef = E3EC00642DD4933B00485DAF /* SceneDelegate.swift */; };
		E3EC00672DD4933B00485DAF /* ViewController.swift in Sources */ = {isa = PBXBuildFile; fileRef = E3EC00662DD4933B00485DAF /* ViewController.swift */; };
		E3EC006A2DD4933B00485DAF /* Base in Resources */ = {isa = PBXBuildFile; fileRef = E3EC00692DD4933B00485DAF /* Base */; };
		E3EC006C2DD4933C00485DAF /* Assets.xcassets in Resources */ = {isa = PBXBuildFile; fileRef = E3EC006B2DD4933C00485DAF /* Assets.xcassets */; };
		E3EC006F2DD4933C00485DAF /* Base in Resources */ = {isa = PBXBuildFile; fileRef = E3EC006E2DD4933C00485DAF /* Base */; };
/* End PBXBuildFile section */

/* Begin PBXCopyFilesBuildPhase section */
		BA7A8B982F2B09AE004624F2 /* Embed Frameworks */ = {
			isa = PBXCopyFilesBuildPhase;
			buildActionMask = 2147483647;
			dstPath = "";
			dstSubfolderSpec = 10;
			files = (
				BA4EEED52F7CC1AC00D20422 /* AlxAds.xcframework in Embed Frameworks */,
			);
			name = "Embed Frameworks";
			runOnlyForDeploymentPostprocessing = 0;
		};
/* End PBXCopyFilesBuildPhase section */

/* Begin PBXFileReference section */
		BA3239952F596F9A009DA008 /* AlxAdmobBannerAdapter.swift */ = {isa = PBXFileReference; lastKnownFileType = sourcecode.swift; path = AlxAdmobBannerAdapter.swift; sourceTree = "<group>"; };
		BA3239962F596F9A009DA008 /* AlxAdmobBaseAdapter.swift */ = {isa = PBXFileReference; lastKnownFileType = sourcecode.swift; path = AlxAdmobBaseAdapter.swift; sourceTree = "<group>"; };
		BA3239972F596F9A009DA008 /* AlxAdmobInterstitialAdapter.swift */ = {isa = PBXFileReference; lastKnownFileType = sourcecode.swift; path = AlxAdmobInterstitialAdapter.swift; sourceTree = "<group>"; };
		BA3239982F596F9A009DA008 /* AlxAdmobMetaInfo.swift */ = {isa = PBXFileReference; lastKnownFileType = sourcecode.swift; path = AlxAdmobMetaInfo.swift; sourceTree = "<group>"; };
		BA3239992F596F9A009DA008 /* AlxAdmobNativeAdapter.swift */ = {isa = PBXFileReference; lastKnownFileType = sourcecode.swift; path = AlxAdmobNativeAdapter.swift; sourceTree = "<group>"; };
		BA32399A2F596F9A009DA008 /* AlxAdmobNetworkExtras.swift */ = {isa = PBXFileReference; lastKnownFileType = sourcecode.swift; path = AlxAdmobNetworkExtras.swift; sourceTree = "<group>"; };
		BA32399B2F596F9A009DA008 /* AlxAdmobRewardVideoAdapter.swift */ = {isa = PBXFileReference; lastKnownFileType = sourcecode.swift; path = AlxAdmobRewardVideoAdapter.swift; sourceTree = "<group>"; };
		BA32399D2F596F9A009DA008 /* AlxMaxMediationAdapter.swift */ = {isa = PBXFileReference; lastKnownFileType = sourcecode.swift; path = AlxMaxMediationAdapter.swift; sourceTree = "<group>"; };
		BA4EEED22F7CC19200D20422 /* AlxAds.xcframework */ = {isa = PBXFileReference; lastKnownFileType = wrapper.xcframework; path = AlxAds.xcframework; sourceTree = "<group>"; };
		BA4EEED62F7CFAA100D20422 /* BaseMenuVC.swift */ = {isa = PBXFileReference; lastKnownFileType = sourcecode.swift; path = BaseMenuVC.swift; sourceTree = "<group>"; };
		BA7D80142ED6A49000B78B40 /* AlxBannerXibVC.swift */ = {isa = PBXFileReference; lastKnownFileType = sourcecode.swift; path = AlxBannerXibVC.swift; sourceTree = "<group>"; };
		BA7D80152ED6A49000B78B40 /* AlxBannerXibVC.xib */ = {isa = PBXFileReference; lastKnownFileType = file.xib; path = AlxBannerXibVC.xib; sourceTree = "<group>"; };
		BA7D80182ED6A49000B78B40 /* AlxBannerVC.swift */ = {isa = PBXFileReference; lastKnownFileType = sourcecode.swift; path = AlxBannerVC.swift; sourceTree = "<group>"; };
		BA7D80192ED6A49000B78B40 /* AlxInterstitialBannerVC.swift */ = {isa = PBXFileReference; lastKnownFileType = sourcecode.swift; path = AlxInterstitialBannerVC.swift; sourceTree = "<group>"; };
		BA7D801A2ED6A49000B78B40 /* AlxInterstitialVC.swift */ = {isa = PBXFileReference; lastKnownFileType = sourcecode.swift; path = AlxInterstitialVC.swift; sourceTree = "<group>"; };
		BA7D801B2ED6A49000B78B40 /* AlxMainVC.swift */ = {isa = PBXFileReference; lastKnownFileType = sourcecode.swift; path = AlxMainVC.swift; sourceTree = "<group>"; };
		BA7D801C2ED6A49000B78B40 /* AlxNativeVC.swift */ = {isa = PBXFileReference; lastKnownFileType = sourcecode.swift; path = AlxNativeVC.swift; sourceTree = "<group>"; };
		BA7D801D2ED6A49000B78B40 /* AlxRewardVideoVC.swift */ = {isa = PBXFileReference; lastKnownFileType = sourcecode.swift; path = AlxRewardVideoVC.swift; sourceTree = "<group>"; };
		BA85CAED2F598875004C86CA /* AlxTopOnBannerAdapter.swift */ = {isa = PBXFileReference; lastKnownFileType = sourcecode.swift; path = AlxTopOnBannerAdapter.swift; sourceTree = "<group>"; };
		BA85CAEE2F598875004C86CA /* AlxTopOnBannerEvent.swift */ = {isa = PBXFileReference; lastKnownFileType = sourcecode.swift; path = AlxTopOnBannerEvent.swift; sourceTree = "<group>"; };
		BA85CAEF2F598875004C86CA /* AlxTopOnBaseManager.swift */ = {isa = PBXFileReference; lastKnownFileType = sourcecode.swift; path = AlxTopOnBaseManager.swift; sourceTree = "<group>"; };
		BA85CAF02F598875004C86CA /* AlxTopOnBiddingRequest.swift */ = {isa = PBXFileReference; lastKnownFileType = sourcecode.swift; path = AlxTopOnBiddingRequest.swift; sourceTree = "<group>"; };
		BA85CAF12F598875004C86CA /* AlxTopOnBiddingRequestManager.swift */ = {isa = PBXFileReference; lastKnownFileType = sourcecode.swift; path = AlxTopOnBiddingRequestManager.swift; sourceTree = "<group>"; };
		BA85CAF22F598875004C86CA /* AlxTopOnInterstitialAdapter.swift */ = {isa = PBXFileReference; lastKnownFileType = sourcecode.swift; path = AlxTopOnInterstitialAdapter.swift; sourceTree = "<group>"; };
		BA85CAF32F598875004C86CA /* AlxTopOnInterstitialEvent.swift */ = {isa = PBXFileReference; lastKnownFileType = sourcecode.swift; path = AlxTopOnInterstitialEvent.swift; sourceTree = "<group>"; };
		BA85CAF42F598875004C86CA /* AlxTopOnMetaInf.swift */ = {isa = PBXFileReference; lastKnownFileType = sourcecode.swift; path = AlxTopOnMetaInf.swift; sourceTree = "<group>"; };
		BA85CAF52F598875004C86CA /* AlxTopOnNativeAdapter.swift */ = {isa = PBXFileReference; lastKnownFileType = sourcecode.swift; path = AlxTopOnNativeAdapter.swift; sourceTree = "<group>"; };
		BA85CAF62F598875004C86CA /* AlxTopOnNativeEvent.swift */ = {isa = PBXFileReference; lastKnownFileType = sourcecode.swift; path = AlxTopOnNativeEvent.swift; sourceTree = "<group>"; };
		BA85CAF72F598875004C86CA /* AlxTopOnNativeRender.swift */ = {isa = PBXFileReference; lastKnownFileType = sourcecode.swift; path = AlxTopOnNativeRender.swift; sourceTree = "<group>"; };
		BA85CAF82F598875004C86CA /* AlxTopOnRewardVideoAdapter.swift */ = {isa = PBXFileReference; lastKnownFileType = sourcecode.swift; path = AlxTopOnRewardVideoAdapter.swift; sourceTree = "<group>"; };
		BA85CAF92F598875004C86CA /* AlxTopOnRewardVideoEvent.swift */ = {isa = PBXFileReference; lastKnownFileType = sourcecode.swift; path = AlxTopOnRewardVideoEvent.swift; sourceTree = "<group>"; };
		BA85CAFA2F598875004C86CA /* AlxTopOnTool.swift */ = {isa = PBXFileReference; lastKnownFileType = sourcecode.swift; path = AlxTopOnTool.swift; sourceTree = "<group>"; };
		BA85CB0D2F5989D6004C86CA /* AlxTopOnBaseManager.swift */ = {isa = PBXFileReference; lastKnownFileType = sourcecode.swift; path = AlxTopOnBaseManager.swift; sourceTree = "<group>"; };
		BA85CB0E2F5989D6004C86CA /* AlxTopOnBiddingRequest.swift */ = {isa = PBXFileReference; lastKnownFileType = sourcecode.swift; path = AlxTopOnBiddingRequest.swift; sourceTree = "<group>"; };
		BA85CB0F2F5989D6004C86CA /* AlxTopOnBiddingRequestManager.swift */ = {isa = PBXFileReference; lastKnownFileType = sourcecode.swift; path = AlxTopOnBiddingRequestManager.swift; sourceTree = "<group>"; };
		BA85CB102F5989D6004C86CA /* AlxTopOnDebugHelper.swift */ = {isa = PBXFileReference; lastKnownFileType = sourcecode.swift; path = AlxTopOnDebugHelper.swift; sourceTree = "<group>"; };
		BA85CB112F5989D6004C86CA /* AlxTopOnMetaInfo.swift */ = {isa = PBXFileReference; lastKnownFileType = sourcecode.swift; path = AlxTopOnMetaInfo.swift; sourceTree = "<group>"; };
		BA85CB122F5989D6004C86CA /* AlxTopOnTool.swift */ = {isa = PBXFileReference; lastKnownFileType = sourcecode.swift; path = AlxTopOnTool.swift; sourceTree = "<group>"; };
		BA85CB132F5989D6004C86CA /* AlxTopOnBannerAdapter.swift */ = {isa = PBXFileReference; lastKnownFileType = sourcecode.swift; path = AlxTopOnBannerAdapter.swift; sourceTree = "<group>"; };
		BA85CB142F5989D6004C86CA /* AlxTopOnBannerDelegate.swift */ = {isa = PBXFileReference; lastKnownFileType = sourcecode.swift; path = AlxTopOnBannerDelegate.swift; sourceTree = "<group>"; };
		BA85CB152F5989D6004C86CA /* AlxTopOnBannerEvent.swift */ = {isa = PBXFileReference; lastKnownFileType = sourcecode.swift; path = AlxTopOnBannerEvent.swift; sourceTree = "<group>"; };
		BA85CB172F5989D6004C86CA /* AlxTopOnBaseAdapter.swift */ = {isa = PBXFileReference; lastKnownFileType = sourcecode.swift; path = AlxTopOnBaseAdapter.swift; sourceTree = "<group>"; };
		BA85CB182F5989D6004C86CA /* AlxTopOnInitAdapter.swift */ = {isa = PBXFileReference; lastKnownFileType = sourcecode.swift; path = AlxTopOnInitAdapter.swift; sourceTree = "<group>"; };
		BA85CB1A2F5989D6004C86CA /* AlxTopOnInterstitialAdapter.swift */ = {isa = PBXFileReference; lastKnownFileType = sourcecode.swift; path = AlxTopOnInterstitialAdapter.swift; sourceTree = "<group>"; };
		BA85CB1B2F5989D6004C86CA /* AlxTopOnInterstitialDelegate.swift */ = {isa = PBXFileReference; lastKnownFileType = sourcecode.swift; path = AlxTopOnInterstitialDelegate.swift; sourceTree = "<group>"; };
		BA85CB1C2F5989D6004C86CA /* AlxTopOnInterstitialEvent.swift */ = {isa = PBXFileReference; lastKnownFileType = sourcecode.swift; path = AlxTopOnInterstitialEvent.swift; sourceTree = "<group>"; };
		BA85CB1E2F5989D6004C86CA /* AlxTopOnNativeAdapter.swift */ = {isa = PBXFileReference; lastKnownFileType = sourcecode.swift; path = AlxTopOnNativeAdapter.swift; sourceTree = "<group>"; };
		BA85CB1F2F5989D6004C86CA /* AlxTopOnNativeDelegate.swift */ = {isa = PBXFileReference; lastKnownFileType = sourcecode.swift; path = AlxTopOnNativeDelegate.swift; sourceTree = "<group>"; };
		BA85CB202F5989D6004C86CA /* AlxTopOnNativeEvent.swift */ = {isa = PBXFileReference; lastKnownFileType = sourcecode.swift; path = AlxTopOnNativeEvent.swift; sourceTree = "<group>"; };
		BA85CB212F5989D6004C86CA /* AlxTopOnNativeObject.swift */ = {isa = PBXFileReference; lastKnownFileType = sourcecode.swift; path = AlxTopOnNativeObject.swift; sourceTree = "<group>"; };
		BA85CB222F5989D6004C86CA /* AlxTopOnNativeRender.swift */ = {isa = PBXFileReference; lastKnownFileType = sourcecode.swift; path = AlxTopOnNativeRender.swift; sourceTree = "<group>"; };
		BA85CB242F5989D6004C86CA /* AlxTopOnRewardVideoAdapter.swift */ = {isa = PBXFileReference; lastKnownFileType = sourcecode.swift; path = AlxTopOnRewardVideoAdapter.swift; sourceTree = "<group>"; };
		BA85CB252F5989D6004C86CA /* AlxTopOnRewardVideoDelegate.swift */ = {isa = PBXFileReference; lastKnownFileType = sourcecode.swift; path = AlxTopOnRewardVideoDelegate.swift; sourceTree = "<group>"; };
		BA85CB262F5989D6004C86CA /* AlxTopOnRewardVideoEvent.swift */ = {isa = PBXFileReference; lastKnownFileType = sourcecode.swift; path = AlxTopOnRewardVideoEvent.swift; sourceTree = "<group>"; };
		BA85CD252F5FBDE4004C86CA /* AlxTopOnBaseManager.h */ = {isa = PBXFileReference; lastKnownFileType = sourcecode.c.h; path = AlxTopOnBaseManager.h; sourceTree = "<group>"; };
		BA85CD262F5FBDE4004C86CA /* AlxTopOnBaseManager.m */ = {isa = PBXFileReference; lastKnownFileType = sourcecode.c.objc; path = AlxTopOnBaseManager.m; sourceTree = "<group>"; };
		BA85CD272F5FBDE4004C86CA /* AlxTopOnBiddingRequest.h */ = {isa = PBXFileReference; lastKnownFileType = sourcecode.c.h; path = AlxTopOnBiddingRequest.h; sourceTree = "<group>"; };
		BA85CD282F5FBDE4004C86CA /* AlxTopOnBiddingRequest.m */ = {isa = PBXFileReference; lastKnownFileType = sourcecode.c.objc; path = AlxTopOnBiddingRequest.m; sourceTree = "<group>"; };
		BA85CD292F5FBDE4004C86CA /* AlxTopOnBiddingRequestManager.h */ = {isa = PBXFileReference; lastKnownFileType = sourcecode.c.h; path = AlxTopOnBiddingRequestManager.h; sourceTree = "<group>"; };
		BA85CD2A2F5FBDE4004C86CA /* AlxTopOnBiddingRequestManager.m */ = {isa = PBXFileReference; lastKnownFileType = sourcecode.c.objc; path = AlxTopOnBiddingRequestManager.m; sourceTree = "<group>"; };
		BA85CD2B2F5FBDE4004C86CA /* AlxTopOnMetaInfo.h */ = {isa = PBXFileReference; lastKnownFileType = sourcecode.c.h; path = AlxTopOnMetaInfo.h; sourceTree = "<group>"; };
		BA85CD2C2F5FBDE4004C86CA /* AlxTopOnMetaInfo.m */ = {isa = PBXFileReference; lastKnownFileType = sourcecode.c.objc; path = AlxTopOnMetaInfo.m; sourceTree = "<group>"; };
		BA85CD2D2F5FBDE4004C86CA /* AlxTopOnTool.h */ = {isa = PBXFileReference; lastKnownFileType = sourcecode.c.h; path = AlxTopOnTool.h; sourceTree = "<group>"; };
		BA85CD2E2F5FBDE4004C86CA /* AlxTopOnTool.m */ = {isa = PBXFileReference; lastKnownFileType = sourcecode.c.objc; path = AlxTopOnTool.m; sourceTree = "<group>"; };
		BA85CD2F2F5FBDE4004C86CA /* AlxTopOnBannerAdapter.h */ = {isa = PBXFileReference; lastKnownFileType = sourcecode.c.h; path = AlxTopOnBannerAdapter.h; sourceTree = "<group>"; };
		BA85CD302F5FBDE4004C86CA /* AlxTopOnBannerAdapter.m */ = {isa = PBXFileReference; lastKnownFileType = sourcecode.c.objc; path = AlxTopOnBannerAdapter.m; sourceTree = "<group>"; };
		BA85CD312F5FBDE4004C86CA /* AlxTopOnBannerDelegate.h */ = {isa = PBXFileReference; lastKnownFileType = sourcecode.c.h; path = AlxTopOnBannerDelegate.h; sourceTree = "<group>"; };
		BA85CD322F5FBDE4004C86CA /* AlxTopOnBannerDelegate.m */ = {isa = PBXFileReference; lastKnownFileType = sourcecode.c.objc; path = AlxTopOnBannerDelegate.m; sourceTree = "<group>"; };
		BA85CD332F5FBDE4004C86CA /* AlxTopOnBannerEvent.h */ = {isa = PBXFileReference; lastKnownFileType = sourcecode.c.h; path = AlxTopOnBannerEvent.h; sourceTree = "<group>"; };
		BA85CD342F5FBDE4004C86CA /* AlxTopOnBannerEvent.m */ = {isa = PBXFileReference; lastKnownFileType = sourcecode.c.objc; path = AlxTopOnBannerEvent.m; sourceTree = "<group>"; };
		BA85CD362F5FBDE4004C86CA /* AlxTopOnAdapterCommonHeader.h */ = {isa = PBXFileReference; lastKnownFileType = sourcecode.c.h; path = AlxTopOnAdapterCommonHeader.h; sourceTree = "<group>"; };
		BA85CD372F5FBDE4004C86CA /* AlxTopOnBaseAdapter.h */ = {isa = PBXFileReference; lastKnownFileType = sourcecode.c.h; path = AlxTopOnBaseAdapter.h; sourceTree = "<group>"; };
		BA85CD382F5FBDE4004C86CA /* AlxTopOnBaseAdapter.m */ = {isa = PBXFileReference; lastKnownFileType = sourcecode.c.objc; path = AlxTopOnBaseAdapter.m; sourceTree = "<group>"; };
		BA85CD392F5FBDE4004C86CA /* AlxTopOnInitAdapter.h */ = {isa = PBXFileReference; lastKnownFileType = sourcecode.c.h; path = AlxTopOnInitAdapter.h; sourceTree = "<group>"; };
		BA85CD3A2F5FBDE4004C86CA /* AlxTopOnInitAdapter.m */ = {isa = PBXFileReference; lastKnownFileType = sourcecode.c.objc; path = AlxTopOnInitAdapter.m; sourceTree = "<group>"; };
		BA85CD3C2F5FBDE4004C86CA /* AlxTopOnInterstitialAdapter.h */ = {isa = PBXFileReference; lastKnownFileType = sourcecode.c.h; path = AlxTopOnInterstitialAdapter.h; sourceTree = "<group>"; };
		BA85CD3D2F5FBDE4004C86CA /* AlxTopOnInterstitialAdapter.m */ = {isa = PBXFileReference; lastKnownFileType = sourcecode.c.objc; path = AlxTopOnInterstitialAdapter.m; sourceTree = "<group>"; };
		BA85CD3E2F5FBDE4004C86CA /* AlxTopOnInterstitialDelegate.h */ = {isa = PBXFileReference; lastKnownFileType = sourcecode.c.h; path = AlxTopOnInterstitialDelegate.h; sourceTree = "<group>"; };
		BA85CD3F2F5FBDE4004C86CA /* AlxTopOnInterstitialDelegate.m */ = {isa = PBXFileReference; lastKnownFileType = sourcecode.c.objc; path = AlxTopOnInterstitialDelegate.m; sourceTree = "<group>"; };
		BA85CD402F5FBDE4004C86CA /* AlxTopOnInterstitialEvent.h */ = {isa = PBXFileReference; lastKnownFileType = sourcecode.c.h; path = AlxTopOnInterstitialEvent.h; sourceTree = "<group>"; };
		BA85CD412F5FBDE4004C86CA /* AlxTopOnInterstitialEvent.m */ = {isa = PBXFileReference; lastKnownFileType = sourcecode.c.objc; path = AlxTopOnInterstitialEvent.m; sourceTree = "<group>"; };
		BA85CD432F5FBDE4004C86CA /* AlxTopOnNativeAdapter.h */ = {isa = PBXFileReference; lastKnownFileType = sourcecode.c.h; path = AlxTopOnNativeAdapter.h; sourceTree = "<group>"; };
		BA85CD442F5FBDE4004C86CA /* AlxTopOnNativeAdapter.m */ = {isa = PBXFileReference; lastKnownFileType = sourcecode.c.objc; path = AlxTopOnNativeAdapter.m; sourceTree = "<group>"; };
		BA85CD452F5FBDE4004C86CA /* AlxTopOnNativeDelegate.h */ = {isa = PBXFileReference; lastKnownFileType = sourcecode.c.h; path = AlxTopOnNativeDelegate.h; sourceTree = "<group>"; };
		BA85CD462F5FBDE4004C86CA /* AlxTopOnNativeDelegate.m */ = {isa = PBXFileReference; lastKnownFileType = sourcecode.c.objc; path = AlxTopOnNativeDelegate.m; sourceTree = "<group>"; };
		BA85CD472F5FBDE4004C86CA /* AlxTopOnNativeEvent.h */ = {isa = PBXFileReference; lastKnownFileType = sourcecode.c.h; path = AlxTopOnNativeEvent.h; sourceTree = "<group>"; };
		BA85CD482F5FBDE4004C86CA /* AlxTopOnNativeEvent.m */ = {isa = PBXFileReference; lastKnownFileType = sourcecode.c.objc; path = AlxTopOnNativeEvent.m; sourceTree = "<group>"; };
		BA85CD492F5FBDE4004C86CA /* AlxTopOnNativeObject.h */ = {isa = PBXFileReference; lastKnownFileType = sourcecode.c.h; path = AlxTopOnNativeObject.h; sourceTree = "<group>"; };
		BA85CD4A2F5FBDE4004C86CA /* AlxTopOnNativeObject.m */ = {isa = PBXFileReference; lastKnownFileType = sourcecode.c.objc; path = AlxTopOnNativeObject.m; sourceTree = "<group>"; };
		BA85CD4B2F5FBDE4004C86CA /* AlxTopOnNativeRender.h */ = {isa = PBXFileReference; lastKnownFileType = sourcecode.c.h; path = AlxTopOnNativeRender.h; sourceTree = "<group>"; };
		BA85CD4C2F5FBDE4004C86CA /* AlxTopOnNativeRender.m */ = {isa = PBXFileReference; lastKnownFileType = sourcecode.c.objc; path = AlxTopOnNativeRender.m; sourceTree = "<group>"; };
		BA85CD4E2F5FBDE4004C86CA /* AlxTopOnRewardVideoAdapter.h */ = {isa = PBXFileReference; lastKnownFileType = sourcecode.c.h; path = AlxTopOnRewardVideoAdapter.h; sourceTree = "<group>"; };
		BA85CD4F2F5FBDE4004C86CA /* AlxTopOnRewardVideoAdapter.m */ = {isa = PBXFileReference; lastKnownFileType = sourcecode.c.objc; path = AlxTopOnRewardVideoAdapter.m; sourceTree = "<group>"; };
		BA85CD502F5FBDE4004C86CA /* AlxTopOnRewardVideoDelegate.h */ = {isa = PBXFileReference; lastKnownFileType = sourcecode.c.h; path = AlxTopOnRewardVideoDelegate.h; sourceTree = "<group>"; };
		BA85CD512F5FBDE4004C86CA /* AlxTopOnRewardVideoDelegate.m */ = {isa = PBXFileReference; lastKnownFileType = sourcecode.c.objc; path = AlxTopOnRewardVideoDelegate.m; sourceTree = "<group>"; };
		BA85CD522F5FBDE4004C86CA /* AlxTopOnRewardVideoEvent.h */ = {isa = PBXFileReference; lastKnownFileType = sourcecode.c.h; path = AlxTopOnRewardVideoEvent.h; sourceTree = "<group>"; };
		BA85CD532F5FBDE4004C86CA /* AlxTopOnRewardVideoEvent.m */ = {isa = PBXFileReference; lastKnownFileType = sourcecode.c.objc; path = AlxTopOnRewardVideoEvent.m; sourceTree = "<group>"; };
		BADDD11C2F7A4CBB0076B5C3 /* AlxLevelPlayMetaInfo.h */ = {isa = PBXFileReference; lastKnownFileType = sourcecode.c.h; path = AlxLevelPlayMetaInfo.h; sourceTree = "<group>"; };
		BADDD11D2F7A4CBB0076B5C3 /* AlxLevelPlayMetaInfo.m */ = {isa = PBXFileReference; lastKnownFileType = sourcecode.c.objc; path = AlxLevelPlayMetaInfo.m; sourceTree = "<group>"; };
		BADDD11E2F7A4CBB0076B5C3 /* ISAlxCustomAdapter.h */ = {isa = PBXFileReference; lastKnownFileType = sourcecode.c.h; path = ISAlxCustomAdapter.h; sourceTree = "<group>"; };
		BADDD11F2F7A4CBB0076B5C3 /* ISAlxCustomAdapter.m */ = {isa = PBXFileReference; lastKnownFileType = sourcecode.c.objc; path = ISAlxCustomAdapter.m; sourceTree = "<group>"; };
		BADDD1202F7A4CBB0076B5C3 /* ISAlxCustomBanner.h */ = {isa = PBXFileReference; lastKnownFileType = sourcecode.c.h; path = ISAlxCustomBanner.h; sourceTree = "<group>"; };
		BADDD1212F7A4CBB0076B5C3 /* ISAlxCustomBanner.m */ = {isa = PBXFileReference; lastKnownFileType = sourcecode.c.objc; path = ISAlxCustomBanner.m; sourceTree = "<group>"; };
		BADDD1222F7A4CBB0076B5C3 /* ISAlxCustomInterstitial.h */ = {isa = PBXFileReference; lastKnownFileType = sourcecode.c.h; path = ISAlxCustomInterstitial.h; sourceTree = "<group>"; };
		BADDD1232F7A4CBB0076B5C3 /* ISAlxCustomInterstitial.m */ = {isa = PBXFileReference; lastKnownFileType = sourcecode.c.objc; path = ISAlxCustomInterstitial.m; sourceTree = "<group>"; };
		BADDD1242F7A4CBB0076B5C3 /* ISAlxCustomRewardedVideo.h */ = {isa = PBXFileReference; lastKnownFileType = sourcecode.c.h; path = ISAlxCustomRewardedVideo.h; sourceTree = "<group>"; };
		BADDD1252F7A4CBB0076B5C3 /* ISAlxCustomRewardedVideo.m */ = {isa = PBXFileReference; lastKnownFileType = sourcecode.c.objc; path = ISAlxCustomRewardedVideo.m; sourceTree = "<group>"; };
		BADDD1272F7A4CBB0076B5C3 /* AlxLevelPlayMetaInfo.swift */ = {isa = PBXFileReference; lastKnownFileType = sourcecode.swift; path = AlxLevelPlayMetaInfo.swift; sourceTree = "<group>"; };
		BADDD1282F7A4CBB0076B5C3 /* ISAlxCustomAdapter.swift */ = {isa = PBXFileReference; lastKnownFileType = sourcecode.swift; path = ISAlxCustomAdapter.swift; sourceTree = "<group>"; };
		BADDD1292F7A4CBB0076B5C3 /* ISAlxCustomBanner.swift */ = {isa = PBXFileReference; lastKnownFileType = sourcecode.swift; path = ISAlxCustomBanner.swift; sourceTree = "<group>"; };
		BADDD12A2F7A4CBB0076B5C3 /* ISAlxCustomInterstitial.swift */ = {isa = PBXFileReference; lastKnownFileType = sourcecode.swift; path = ISAlxCustomInterstitial.swift; sourceTree = "<group>"; };
		BADDD12B2F7A4CBB0076B5C3 /* ISAlxCustomRewardedVideo.swift */ = {isa = PBXFileReference; lastKnownFileType = sourcecode.swift; path = ISAlxCustomRewardedVideo.swift; sourceTree = "<group>"; };
		BADDD13A2F7A4F740076B5C3 /* AlxAdmobBannerAdapter.h */ = {isa = PBXFileReference; lastKnownFileType = sourcecode.c.h; path = AlxAdmobBannerAdapter.h; sourceTree = "<group>"; };
		BADDD13B2F7A4F740076B5C3 /* AlxAdmobBannerAdapter.m */ = {isa = PBXFileReference; lastKnownFileType = sourcecode.c.objc; path = AlxAdmobBannerAdapter.m; sourceTree = "<group>"; };
		BADDD13C2F7A4F740076B5C3 /* AlxAdmobBaseAdapter.h */ = {isa = PBXFileReference; lastKnownFileType = sourcecode.c.h; path = AlxAdmobBaseAdapter.h; sourceTree = "<group>"; };
		BADDD13D2F7A4F740076B5C3 /* AlxAdmobBaseAdapter.m */ = {isa = PBXFileReference; lastKnownFileType = sourcecode.c.objc; path = AlxAdmobBaseAdapter.m; sourceTree = "<group>"; };
		BADDD13E2F7A4F740076B5C3 /* AlxAdmobInterstitialAdapter.h */ = {isa = PBXFileReference; lastKnownFileType = sourcecode.c.h; path = AlxAdmobInterstitialAdapter.h; sourceTree = "<group>"; };
		BADDD13F2F7A4F740076B5C3 /* AlxAdmobInterstitialAdapter.m */ = {isa = PBXFileReference; lastKnownFileType = sourcecode.c.objc; path = AlxAdmobInterstitialAdapter.m; sourceTree = "<group>"; };
		BADDD1402F7A4F740076B5C3 /* AlxAdmobMetaInfo.h */ = {isa = PBXFileReference; lastKnownFileType = sourcecode.c.h; path = AlxAdmobMetaInfo.h; sourceTree = "<group>"; };
		BADDD1412F7A4F740076B5C3 /* AlxAdmobMetaInfo.m */ = {isa = PBXFileReference; lastKnownFileType = sourcecode.c.objc; path = AlxAdmobMetaInfo.m; sourceTree = "<group>"; };
		BADDD1422F7A4F740076B5C3 /* AlxAdmobNativeAdapter.h */ = {isa = PBXFileReference; lastKnownFileType = sourcecode.c.h; path = AlxAdmobNativeAdapter.h; sourceTree = "<group>"; };
		BADDD1432F7A4F740076B5C3 /* AlxAdmobNativeAdapter.m */ = {isa = PBXFileReference; lastKnownFileType = sourcecode.c.objc; path = AlxAdmobNativeAdapter.m; sourceTree = "<group>"; };
		BADDD1442F7A4F740076B5C3 /* AlxAdmobNetworkExtras.h */ = {isa = PBXFileReference; lastKnownFileType = sourcecode.c.h; path = AlxAdmobNetworkExtras.h; sourceTree = "<group>"; };
		BADDD1452F7A4F740076B5C3 /* AlxAdmobNetworkExtras.m */ = {isa = PBXFileReference; lastKnownFileType = sourcecode.c.objc; path = AlxAdmobNetworkExtras.m; sourceTree = "<group>"; };
		BADDD1462F7A4F740076B5C3 /* AlxAdmobRewardVideoAdapter.h */ = {isa = PBXFileReference; lastKnownFileType = sourcecode.c.h; path = AlxAdmobRewardVideoAdapter.h; sourceTree = "<group>"; };
		BADDD1472F7A4F740076B5C3 /* AlxAdmobRewardVideoAdapter.m */ = {isa = PBXFileReference; lastKnownFileType = sourcecode.c.objc; path = AlxAdmobRewardVideoAdapter.m; sourceTree = "<group>"; };
		BADDD1512F7A50A10076B5C3 /* AlxMaxMediationAdapter.h */ = {isa = PBXFileReference; lastKnownFileType = sourcecode.c.h; path = AlxMaxMediationAdapter.h; sourceTree = "<group>"; };
		BADDD1522F7A50A10076B5C3 /* AlxMaxMediationAdapter.m */ = {isa = PBXFileReference; lastKnownFileType = sourcecode.c.objc; path = AlxMaxMediationAdapter.m; sourceTree = "<group>"; };
		E30816892E3C7372002E3112 /* AdmobBannerVC.swift */ = {isa = PBXFileReference; lastKnownFileType = sourcecode.swift; path = AdmobBannerVC.swift; sourceTree = "<group>"; };
		E308168A2E3C7372002E3112 /* AdmobInterstitialVC.swift */ = {isa = PBXFileReference; lastKnownFileType = sourcecode.swift; path = AdmobInterstitialVC.swift; sourceTree = "<group>"; };
		E308168B2E3C7372002E3112 /* AdmobMainVC.swift */ = {isa = PBXFileReference; lastKnownFileType = sourcecode.swift; path = AdmobMainVC.swift; sourceTree = "<group>"; };
		E308168C2E3C7372002E3112 /* AdmobNativeVC.swift */ = {isa = PBXFileReference; lastKnownFileType = sourcecode.swift; path = AdmobNativeVC.swift; sourceTree = "<group>"; };
		E308168D2E3C7372002E3112 /* AdmobRewardVideoVC.swift */ = {isa = PBXFileReference; lastKnownFileType = sourcecode.swift; path = AdmobRewardVideoVC.swift; sourceTree = "<group>"; };
		E30816932E3C738B002E3112 /* MaxBannerVC.swift */ = {isa = PBXFileReference; lastKnownFileType = sourcecode.swift; path = MaxBannerVC.swift; sourceTree = "<group>"; };
		E30816942E3C738B002E3112 /* MaxInterstitialVC.swift */ = {isa = PBXFileReference; lastKnownFileType = sourcecode.swift; path = MaxInterstitialVC.swift; sourceTree = "<group>"; };
		E30816952E3C738B002E3112 /* MaxMainVC.swift */ = {isa = PBXFileReference; lastKnownFileType = sourcecode.swift; path = MaxMainVC.swift; sourceTree = "<group>"; };
		E30816962E3C738B002E3112 /* MaxNativeVC.swift */ = {isa = PBXFileReference; lastKnownFileType = sourcecode.swift; path = MaxNativeVC.swift; sourceTree = "<group>"; };
		E30816972E3C738B002E3112 /* MaxRewardVideoVC.swift */ = {isa = PBXFileReference; lastKnownFileType = sourcecode.swift; path = MaxRewardVideoVC.swift; sourceTree = "<group>"; };
		E31956362DF7D9300083BC3C /* AlxAds.framework */ = {isa = PBXFileReference; explicitFileType = wrapper.framework; path = AlxAds.framework; sourceTree = BUILT_PRODUCTS_DIR; };
		E319563A2DF7D9350083BC3C /* AlxDevelop.framework */ = {isa = PBXFileReference; explicitFileType = wrapper.framework; path = AlxDevelop.framework; sourceTree = BUILT_PRODUCTS_DIR; };
		E319563E2DF7D9D60083BC3C /* zh-Hans */ = {isa = PBXFileReference; lastKnownFileType = text.plist.strings; name = "zh-Hans"; path = "zh-Hans.lproj/Localizable.strings"; sourceTree = "<group>"; };
		E31956402DF7D9F30083BC3C /* en */ = {isa = PBXFileReference; lastKnownFileType = text.plist.strings; name = en; path = en.lproj/Localizable.strings; sourceTree = "<group>"; };
		E31956532DF7DA940083BC3C /* MainVC.swift */ = {isa = PBXFileReference; lastKnownFileType = sourcecode.swift; path = MainVC.swift; sourceTree = "<group>"; };
		E33E7AC82DD4A0CB00C724B9 /* BaseUIViewController.swift */ = {isa = PBXFileReference; lastKnownFileType = sourcecode.swift; path = BaseUIViewController.swift; sourceTree = "<group>"; };
		E33E7ACA2DD4A0E900C724B9 /* AdConfig.swift */ = {isa = PBXFileReference; lastKnownFileType = sourcecode.swift; path = AdConfig.swift; sourceTree = "<group>"; };
		E33E7AEB2DD4AACF00C724B9 /* UIImageView+Extensions.swift */ = {isa = PBXFileReference; lastKnownFileType = sourcecode.swift; path = "UIImageView+Extensions.swift"; sourceTree = "<group>"; };
		E3D661D82E79573E00913616 /* TopOnBannerVC.swift */ = {isa = PBXFileReference; lastKnownFileType = sourcecode.swift; path = TopOnBannerVC.swift; sourceTree = "<group>"; };
		E3D661D92E79573E00913616 /* TopOnInterstitialVC.swift */ = {isa = PBXFileReference; lastKnownFileType = sourcecode.swift; path = TopOnInterstitialVC.swift; sourceTree = "<group>"; };
		E3D661DA2E79573E00913616 /* TopOnMainVC.swift */ = {isa = PBXFileReference; lastKnownFileType = sourcecode.swift; path = TopOnMainVC.swift; sourceTree = "<group>"; };
		E3D661DB2E79573E00913616 /* TopOnNativeSelfRenderVC.swift */ = {isa = PBXFileReference; lastKnownFileType = sourcecode.swift; path = TopOnNativeSelfRenderVC.swift; sourceTree = "<group>"; };
		E3D661DC2E79573E00913616 /* TopOnNativeVC.swift */ = {isa = PBXFileReference; lastKnownFileType = sourcecode.swift; path = TopOnNativeVC.swift; sourceTree = "<group>"; };
		E3D661DD2E79573E00913616 /* TopOnRewardVideoVC.swift */ = {isa = PBXFileReference; lastKnownFileType = sourcecode.swift; path = TopOnRewardVideoVC.swift; sourceTree = "<group>"; };
		E3D661DE2E79573E00913616 /* TopOnSelfRenderView.swift */ = {isa = PBXFileReference; lastKnownFileType = sourcecode.swift; path = TopOnSelfRenderView.swift; sourceTree = "<group>"; };
		E3EC005F2DD4933B00485DAF /* AlxAdsDemo.app */ = {isa = PBXFileReference; explicitFileType = wrapper.application; includeInIndex = 0; path = AlxAdsDemo.app; sourceTree = BUILT_PRODUCTS_DIR; };
		E3EC00622DD4933B00485DAF /* AppDelegate.swift */ = {isa = PBXFileReference; lastKnownFileType = sourcecode.swift; path = AppDelegate.swift; sourceTree = "<group>"; };
		E3EC00642DD4933B00485DAF /* SceneDelegate.swift */ = {isa = PBXFileReference; lastKnownFileType = sourcecode.swift; path = SceneDelegate.swift; sourceTree = "<group>"; };
		E3EC00662DD4933B00485DAF /* ViewController.swift */ = {isa = PBXFileReference; lastKnownFileType = sourcecode.swift; path = ViewController.swift; sourceTree = "<group>"; };
		E3EC00692DD4933B00485DAF /* Base */ = {isa = PBXFileReference; lastKnownFileType = file.storyboard; name = Base; path = Base.lproj/Main.storyboard; sourceTree = "<group>"; };
		E3EC006B2DD4933C00485DAF /* Assets.xcassets */ = {isa = PBXFileReference; lastKnownFileType = folder.assetcatalog; path = Assets.xcassets; sourceTree = "<group>"; };
		E3EC006E2DD4933C00485DAF /* Base */ = {isa = PBXFileReference; lastKnownFileType = file.storyboard; name = Base; path = Base.lproj/LaunchScreen.storyboard; sourceTree = "<group>"; };
		E3EC00702DD4933C00485DAF /* Info.plist */ = {isa = PBXFileReference; lastKnownFileType = text.plist.xml; path = Info.plist; sourceTree = "<group>"; };
		E88B9962E29132041C782D02 /* Pods-AlxAdsDemo.release.xcconfig */ = {isa = PBXFileReference; includeInIndex = 1; lastKnownFileType = text.xcconfig; name = "Pods-AlxAdsDemo.release.xcconfig"; path = "Target Support Files/Pods-AlxAdsDemo/Pods-AlxAdsDemo.release.xcconfig"; sourceTree = "<group>"; };
		EF81CDE6E5E47A94D03396C6 /* Pods_AlxAdsDemo.framework */ = {isa = PBXFileReference; explicitFileType = wrapper.framework; includeInIndex = 0; path = Pods_AlxAdsDemo.framework; sourceTree = BUILT_PRODUCTS_DIR; };
		FE396B92C5072417E6A32193 /* Pods-AlxAdsDemo.debug.xcconfig */ = {isa = PBXFileReference; includeInIndex = 1; lastKnownFileType = text.xcconfig; name = "Pods-AlxAdsDemo.debug.xcconfig"; path = "Target Support Files/Pods-AlxAdsDemo/Pods-AlxAdsDemo.debug.xcconfig"; sourceTree = "<group>"; };
/* End PBXFileReference section */

/* Begin PBXFrameworksBuildPhase section */
		E3EC005C2DD4933B00485DAF /* Frameworks */ = {
			isa = PBXFrameworksBuildPhase;
			buildActionMask = 2147483647;
			files = (
				BA4EEED42F7CC1AC00D20422 /* AlxAds.xcframework in Frameworks */,
				6D63FC7D678C761AA52F6F58 /* Pods_AlxAdsDemo.framework in Frameworks */,
			);
			runOnlyForDeploymentPostprocessing = 0;
		};
/* End PBXFrameworksBuildPhase section */

/* Begin PBXGroup section */
		63DAAC1CA2FA2120E260F575 /* Pods */ = {
			isa = PBXGroup;
			children = (
				FE396B92C5072417E6A32193 /* Pods-AlxAdsDemo.debug.xcconfig */,
				E88B9962E29132041C782D02 /* Pods-AlxAdsDemo.release.xcconfig */,
			);
			path = Pods;
			sourceTree = "<group>";
		};
		BA32399C2F596F9A009DA008 /* AdmobAdapter */ = {
			isa = PBXGroup;
			children = (
				BADDD1392F7A4F620076B5C3 /* Objc */,
				BADDD1382F7A4F510076B5C3 /* Swift */,
			);
			path = AdmobAdapter;
			sourceTree = "<group>";
		};
		BA32399E2F596F9A009DA008 /* MaxAdapter */ = {
			isa = PBXGroup;
			children = (
				BADDD1502F7A50980076B5C3 /* Objc */,
				BADDD14F2F7A50920076B5C3 /* Swift */,
			);
			path = MaxAdapter;
			sourceTree = "<group>";
		};
		BA3239AD2F596F9A009DA008 /* TopOnAdapter */ = {
			isa = PBXGroup;
			children = (
				BA85CD232F5FBD9A004C86CA /* Objc */,
				BA85CD222F5FBD8C004C86CA /* Swift */,
			);
			path = TopOnAdapter;
			sourceTree = "<group>";
		};
		BA3239AE2F596F9A009DA008 /* custom_adapter */ = {
			isa = PBXGroup;
			children = (
				BA32399C2F596F9A009DA008 /* AdmobAdapter */,
				BA32399E2F596F9A009DA008 /* MaxAdapter */,
				BA3239AD2F596F9A009DA008 /* TopOnAdapter */,
				BADDD12D2F7A4CBB0076B5C3 /* UnityLevelPlayAdapter */,
			);
			path = custom_adapter;
			sourceTree = "<group>";
		};
		BA7D80162ED6A49000B78B40 /* BannerViewController */ = {
			isa = PBXGroup;
			children = (
				BA7D80142ED6A49000B78B40 /* AlxBannerXibVC.swift */,
				BA7D80152ED6A49000B78B40 /* AlxBannerXibVC.xib */,
			);
			path = BannerViewController;
			sourceTree = "<group>";
		};
		BA7D80172ED6A49000B78B40 /* Xib */ = {
			isa = PBXGroup;
			children = (
				BA7D80162ED6A49000B78B40 /* BannerViewController */,
			);
			path = Xib;
			sourceTree = "<group>";
		};
		BA7D801E2ED6A49000B78B40 /* Rixengine */ = {
			isa = PBXGroup;
			children = (
				BA7D80172ED6A49000B78B40 /* Xib */,
				BA7D80182ED6A49000B78B40 /* AlxBannerVC.swift */,
				BA7D80192ED6A49000B78B40 /* AlxInterstitialBannerVC.swift */,
				BA7D801A2ED6A49000B78B40 /* AlxInterstitialVC.swift */,
				BA7D801B2ED6A49000B78B40 /* AlxMainVC.swift */,
				BA7D801C2ED6A49000B78B40 /* AlxNativeVC.swift */,
				BA7D801D2ED6A49000B78B40 /* AlxRewardVideoVC.swift */,
			);
			path = Rixengine;
			sourceTree = "<group>";
		};
		BA85CB0A2F598981004C86CA /* 6.5.x */ = {
			isa = PBXGroup;
			children = (
				BA85CB0D2F5989D6004C86CA /* AlxTopOnBaseManager.swift */,
				BA85CB0E2F5989D6004C86CA /* AlxTopOnBiddingRequest.swift */,
				BA85CB0F2F5989D6004C86CA /* AlxTopOnBiddingRequestManager.swift */,
				BA85CB102F5989D6004C86CA /* AlxTopOnDebugHelper.swift */,
				BA85CB112F5989D6004C86CA /* AlxTopOnMetaInfo.swift */,
				BA85CB122F5989D6004C86CA /* AlxTopOnTool.swift */,
				BA85CB162F5989D6004C86CA /* Banner */,
				BA85CB192F5989D6004C86CA /* Base */,
				BA85CB1D2F5989D6004C86CA /* Interstitial */,
				BA85CB232F5989D6004C86CA /* Native */,
				BA85CB272F5989D6004C86CA /* RewardVideo */,
			);
			path = 6.5.x;
			sourceTree = "<group>";
		};
		BA85CB0B2F5989BE004C86CA /* 6.4.x */ = {
			isa = PBXGroup;
			children = (
				BA85CAED2F598875004C86CA /* AlxTopOnBannerAdapter.swift */,
				BA85CAEE2F598875004C86CA /* AlxTopOnBannerEvent.swift */,
				BA85CAEF2F598875004C86CA /* AlxTopOnBaseManager.swift */,
				BA85CAF02F598875004C86CA /* AlxTopOnBiddingRequest.swift */,
				BA85CAF12F598875004C86CA /* AlxTopOnBiddingRequestManager.swift */,
				BA85CAF22F598875004C86CA /* AlxTopOnInterstitialAdapter.swift */,
				BA85CAF32F598875004C86CA /* AlxTopOnInterstitialEvent.swift */,
				BA85CAF42F598875004C86CA /* AlxTopOnMetaInf.swift */,
				BA85CAF52F598875004C86CA /* AlxTopOnNativeAdapter.swift */,
				BA85CAF62F598875004C86CA /* AlxTopOnNativeEvent.swift */,
				BA85CAF72F598875004C86CA /* AlxTopOnNativeRender.swift */,
				BA85CAF82F598875004C86CA /* AlxTopOnRewardVideoAdapter.swift */,
				BA85CAF92F598875004C86CA /* AlxTopOnRewardVideoEvent.swift */,
				BA85CAFA2F598875004C86CA /* AlxTopOnTool.swift */,
			);
			path = 6.4.x;
			sourceTree = "<group>";
		};
		BA85CB162F5989D6004C86CA /* Banner */ = {
			isa = PBXGroup;
			children = (
				BA85CB132F5989D6004C86CA /* AlxTopOnBannerAdapter.swift */,
				BA85CB142F5989D6004C86CA /* AlxTopOnBannerDelegate.swift */,
				BA85CB152F5989D6004C86CA /* AlxTopOnBannerEvent.swift */,
			);
			path = Banner;
			sourceTree = "<group>";
		};
		BA85CB192F5989D6004C86CA /* Base */ = {
			isa = PBXGroup;
			children = (
				BA85CB172F5989D6004C86CA /* AlxTopOnBaseAdapter.swift */,
				BA85CB182F5989D6004C86CA /* AlxTopOnInitAdapter.swift */,
			);
			path = Base;
			sourceTree = "<group>";
		};
		BA85CB1D2F5989D6004C86CA /* Interstitial */ = {
			isa = PBXGroup;
			children = (
				BA85CB1A2F5989D6004C86CA /* AlxTopOnInterstitialAdapter.swift */,
				BA85CB1B2F5989D6004C86CA /* AlxTopOnInterstitialDelegate.swift */,
				BA85CB1C2F5989D6004C86CA /* AlxTopOnInterstitialEvent.swift */,
			);
			path = Interstitial;
			sourceTree = "<group>";
		};
		BA85CB232F5989D6004C86CA /* Native */ = {
			isa = PBXGroup;
			children = (
				BA85CB1E2F5989D6004C86CA /* AlxTopOnNativeAdapter.swift */,
				BA85CB1F2F5989D6004C86CA /* AlxTopOnNativeDelegate.swift */,
				BA85CB202F5989D6004C86CA /* AlxTopOnNativeEvent.swift */,
				BA85CB212F5989D6004C86CA /* AlxTopOnNativeObject.swift */,
				BA85CB222F5989D6004C86CA /* AlxTopOnNativeRender.swift */,
			);
			path = Native;
			sourceTree = "<group>";
		};
		BA85CB272F5989D6004C86CA /* RewardVideo */ = {
			isa = PBXGroup;
			children = (
				BA85CB242F5989D6004C86CA /* AlxTopOnRewardVideoAdapter.swift */,
				BA85CB252F5989D6004C86CA /* AlxTopOnRewardVideoDelegate.swift */,
				BA85CB262F5989D6004C86CA /* AlxTopOnRewardVideoEvent.swift */,
			);
			path = RewardVideo;
			sourceTree = "<group>";
		};
		BA85CD222F5FBD8C004C86CA /* Swift */ = {
			isa = PBXGroup;
			children = (
				BA85CB0B2F5989BE004C86CA /* 6.4.x */,
				BA85CB0A2F598981004C86CA /* 6.5.x */,
			);
			path = Swift;
			sourceTree = "<group>";
		};
		BA85CD232F5FBD9A004C86CA /* Objc */ = {
			isa = PBXGroup;
			children = (
				BA85CD242F5FBDC5004C86CA /* 6.5.x */,
			);
			path = Objc;
			sourceTree = "<group>";
		};
		BA85CD242F5FBDC5004C86CA /* 6.5.x */ = {
			isa = PBXGroup;
			children = (
				BA85CD252F5FBDE4004C86CA /* AlxTopOnBaseManager.h */,
				BA85CD262F5FBDE4004C86CA /* AlxTopOnBaseManager.m */,
				BA85CD272F5FBDE4004C86CA /* AlxTopOnBiddingRequest.h */,
				BA85CD282F5FBDE4004C86CA /* AlxTopOnBiddingRequest.m */,
				BA85CD292F5FBDE4004C86CA /* AlxTopOnBiddingRequestManager.h */,
				BA85CD2A2F5FBDE4004C86CA /* AlxTopOnBiddingRequestManager.m */,
				BA85CD2B2F5FBDE4004C86CA /* AlxTopOnMetaInfo.h */,
				BA85CD2C2F5FBDE4004C86CA /* AlxTopOnMetaInfo.m */,
				BA85CD2D2F5FBDE4004C86CA /* AlxTopOnTool.h */,
				BA85CD2E2F5FBDE4004C86CA /* AlxTopOnTool.m */,
				BA85CD352F5FBDE4004C86CA /* Banner */,
				BA85CD3B2F5FBDE4004C86CA /* Base */,
				BA85CD422F5FBDE4004C86CA /* Interstitial */,
				BA85CD4D2F5FBDE4004C86CA /* Native */,
				BA85CD542F5FBDE4004C86CA /* RewardVideo */,
			);
			path = 6.5.x;
			sourceTree = "<group>";
		};
		BA85CD352F5FBDE4004C86CA /* Banner */ = {
			isa = PBXGroup;
			children = (
				BA85CD2F2F5FBDE4004C86CA /* AlxTopOnBannerAdapter.h */,
				BA85CD302F5FBDE4004C86CA /* AlxTopOnBannerAdapter.m */,
				BA85CD312F5FBDE4004C86CA /* AlxTopOnBannerDelegate.h */,
				BA85CD322F5FBDE4004C86CA /* AlxTopOnBannerDelegate.m */,
				BA85CD332F5FBDE4004C86CA /* AlxTopOnBannerEvent.h */,
				BA85CD342F5FBDE4004C86CA /* AlxTopOnBannerEvent.m */,
			);
			path = Banner;
			sourceTree = "<group>";
		};
		BA85CD3B2F5FBDE4004C86CA /* Base */ = {
			isa = PBXGroup;
			children = (
				BA85CD362F5FBDE4004C86CA /* AlxTopOnAdapterCommonHeader.h */,
				BA85CD372F5FBDE4004C86CA /* AlxTopOnBaseAdapter.h */,
				BA85CD382F5FBDE4004C86CA /* AlxTopOnBaseAdapter.m */,
				BA85CD392F5FBDE4004C86CA /* AlxTopOnInitAdapter.h */,
				BA85CD3A2F5FBDE4004C86CA /* AlxTopOnInitAdapter.m */,
			);
			path = Base;
			sourceTree = "<group>";
		};
		BA85CD422F5FBDE4004C86CA /* Interstitial */ = {
			isa = PBXGroup;
			children = (
				BA85CD3C2F5FBDE4004C86CA /* AlxTopOnInterstitialAdapter.h */,
				BA85CD3D2F5FBDE4004C86CA /* AlxTopOnInterstitialAdapter.m */,
				BA85CD3E2F5FBDE4004C86CA /* AlxTopOnInterstitialDelegate.h */,
				BA85CD3F2F5FBDE4004C86CA /* AlxTopOnInterstitialDelegate.m */,
				BA85CD402F5FBDE4004C86CA /* AlxTopOnInterstitialEvent.h */,
				BA85CD412F5FBDE4004C86CA /* AlxTopOnInterstitialEvent.m */,
			);
			path = Interstitial;
			sourceTree = "<group>";
		};
		BA85CD4D2F5FBDE4004C86CA /* Native */ = {
			isa = PBXGroup;
			children = (
				BA85CD432F5FBDE4004C86CA /* AlxTopOnNativeAdapter.h */,
				BA85CD442F5FBDE4004C86CA /* AlxTopOnNativeAdapter.m */,
				BA85CD452F5FBDE4004C86CA /* AlxTopOnNativeDelegate.h */,
				BA85CD462F5FBDE4004C86CA /* AlxTopOnNativeDelegate.m */,
				BA85CD472F5FBDE4004C86CA /* AlxTopOnNativeEvent.h */,
				BA85CD482F5FBDE4004C86CA /* AlxTopOnNativeEvent.m */,
				BA85CD492F5FBDE4004C86CA /* AlxTopOnNativeObject.h */,
				BA85CD4A2F5FBDE4004C86CA /* AlxTopOnNativeObject.m */,
				BA85CD4B2F5FBDE4004C86CA /* AlxTopOnNativeRender.h */,
				BA85CD4C2F5FBDE4004C86CA /* AlxTopOnNativeRender.m */,
			);
			path = Native;
			sourceTree = "<group>";
		};
		BA85CD542F5FBDE4004C86CA /* RewardVideo */ = {
			isa = PBXGroup;
			children = (
				BA85CD4E2F5FBDE4004C86CA /* AlxTopOnRewardVideoAdapter.h */,
				BA85CD4F2F5FBDE4004C86CA /* AlxTopOnRewardVideoAdapter.m */,
				BA85CD502F5FBDE4004C86CA /* AlxTopOnRewardVideoDelegate.h */,
				BA85CD512F5FBDE4004C86CA /* AlxTopOnRewardVideoDelegate.m */,
				BA85CD522F5FBDE4004C86CA /* AlxTopOnRewardVideoEvent.h */,
				BA85CD532F5FBDE4004C86CA /* AlxTopOnRewardVideoEvent.m */,
			);
			path = RewardVideo;
			sourceTree = "<group>";
		};
		BADDD1262F7A4CBB0076B5C3 /* Objc */ = {
			isa = PBXGroup;
			children = (
				BADDD11C2F7A4CBB0076B5C3 /* AlxLevelPlayMetaInfo.h */,
				BADDD11D2F7A4CBB0076B5C3 /* AlxLevelPlayMetaInfo.m */,
				BADDD11E2F7A4CBB0076B5C3 /* ISAlxCustomAdapter.h */,
				BADDD11F2F7A4CBB0076B5C3 /* ISAlxCustomAdapter.m */,
				BADDD1202F7A4CBB0076B5C3 /* ISAlxCustomBanner.h */,
				BADDD1212F7A4CBB0076B5C3 /* ISAlxCustomBanner.m */,
				BADDD1222F7A4CBB0076B5C3 /* ISAlxCustomInterstitial.h */,
				BADDD1232F7A4CBB0076B5C3 /* ISAlxCustomInterstitial.m */,
				BADDD1242F7A4CBB0076B5C3 /* ISAlxCustomRewardedVideo.h */,
				BADDD1252F7A4CBB0076B5C3 /* ISAlxCustomRewardedVideo.m */,
			);
			path = Objc;
			sourceTree = "<group>";
		};
		BADDD12C2F7A4CBB0076B5C3 /* Swift */ = {
			isa = PBXGroup;
			children = (
				BADDD1272F7A4CBB0076B5C3 /* AlxLevelPlayMetaInfo.swift */,
				BADDD1282F7A4CBB0076B5C3 /* ISAlxCustomAdapter.swift */,
				BADDD1292F7A4CBB0076B5C3 /* ISAlxCustomBanner.swift */,
				BADDD12A2F7A4CBB0076B5C3 /* ISAlxCustomInterstitial.swift */,
				BADDD12B2F7A4CBB0076B5C3 /* ISAlxCustomRewardedVideo.swift */,
			);
			path = Swift;
			sourceTree = "<group>";
		};
		BADDD12D2F7A4CBB0076B5C3 /* UnityLevelPlayAdapter */ = {
			isa = PBXGroup;
			children = (
				BADDD1262F7A4CBB0076B5C3 /* Objc */,
				BADDD12C2F7A4CBB0076B5C3 /* Swift */,
			);
			path = UnityLevelPlayAdapter;
			sourceTree = "<group>";
		};
		BADDD1382F7A4F510076B5C3 /* Swift */ = {
			isa = PBXGroup;
			children = (
				BA3239952F596F9A009DA008 /* AlxAdmobBannerAdapter.swift */,
				BA3239962F596F9A009DA008 /* AlxAdmobBaseAdapter.swift */,
				BA3239972F596F9A009DA008 /* AlxAdmobInterstitialAdapter.swift */,
				BA3239982F596F9A009DA008 /* AlxAdmobMetaInfo.swift */,
				BA3239992F596F9A009DA008 /* AlxAdmobNativeAdapter.swift */,
				BA32399A2F596F9A009DA008 /* AlxAdmobNetworkExtras.swift */,
				BA32399B2F596F9A009DA008 /* AlxAdmobRewardVideoAdapter.swift */,
			);
			path = Swift;
			sourceTree = "<group>";
		};
		BADDD1392F7A4F620076B5C3 /* Objc */ = {
			isa = PBXGroup;
			children = (
				BADDD13A2F7A4F740076B5C3 /* AlxAdmobBannerAdapter.h */,
				BADDD13B2F7A4F740076B5C3 /* AlxAdmobBannerAdapter.m */,
				BADDD13C2F7A4F740076B5C3 /* AlxAdmobBaseAdapter.h */,
				BADDD13D2F7A4F740076B5C3 /* AlxAdmobBaseAdapter.m */,
				BADDD13E2F7A4F740076B5C3 /* AlxAdmobInterstitialAdapter.h */,
				BADDD13F2F7A4F740076B5C3 /* AlxAdmobInterstitialAdapter.m */,
				BADDD1402F7A4F740076B5C3 /* AlxAdmobMetaInfo.h */,
				BADDD1412F7A4F740076B5C3 /* AlxAdmobMetaInfo.m */,
				BADDD1422F7A4F740076B5C3 /* AlxAdmobNativeAdapter.h */,
				BADDD1432F7A4F740076B5C3 /* AlxAdmobNativeAdapter.m */,
				BADDD1442F7A4F740076B5C3 /* AlxAdmobNetworkExtras.h */,
				BADDD1452F7A4F740076B5C3 /* AlxAdmobNetworkExtras.m */,
				BADDD1462F7A4F740076B5C3 /* AlxAdmobRewardVideoAdapter.h */,
				BADDD1472F7A4F740076B5C3 /* AlxAdmobRewardVideoAdapter.m */,
			);
			path = Objc;
			sourceTree = "<group>";
		};
		BADDD14F2F7A50920076B5C3 /* Swift */ = {
			isa = PBXGroup;
			children = (
				BA32399D2F596F9A009DA008 /* AlxMaxMediationAdapter.swift */,
			);
			path = Swift;
			sourceTree = "<group>";
		};
		BADDD1502F7A50980076B5C3 /* Objc */ = {
			isa = PBXGroup;
			children = (
				BADDD1512F7A50A10076B5C3 /* AlxMaxMediationAdapter.h */,
				BADDD1522F7A50A10076B5C3 /* AlxMaxMediationAdapter.m */,
			);
			path = Objc;
			sourceTree = "<group>";
		};
		E30816622E3719D1002E3112 /* Admob */ = {
			isa = PBXGroup;
			children = (
				E30816892E3C7372002E3112 /* AdmobBannerVC.swift */,
				E308168A2E3C7372002E3112 /* AdmobInterstitialVC.swift */,
				E308168B2E3C7372002E3112 /* AdmobMainVC.swift */,
				E308168C2E3C7372002E3112 /* AdmobNativeVC.swift */,
				E308168D2E3C7372002E3112 /* AdmobRewardVideoVC.swift */,
			);
			path = Admob;
			sourceTree = "<group>";
		};
		E336DFEF2E16652000B237C0 /* Max */ = {
			isa = PBXGroup;
			children = (
				E30816932E3C738B002E3112 /* MaxBannerVC.swift */,
				E30816942E3C738B002E3112 /* MaxInterstitialVC.swift */,
				E30816952E3C738B002E3112 /* MaxMainVC.swift */,
				E30816962E3C738B002E3112 /* MaxNativeVC.swift */,
				E30816972E3C738B002E3112 /* MaxRewardVideoVC.swift */,
			);
			path = Max;
			sourceTree = "<group>";
		};
		E33E7AC22DD4A02A00C724B9 /* Base */ = {
			isa = PBXGroup;
			children = (
				BA4EEED62F7CFAA100D20422 /* BaseMenuVC.swift */,
				E33E7AC82DD4A0CB00C724B9 /* BaseUIViewController.swift */,
			);
			path = Base;
			sourceTree = "<group>";
		};
		E33E7AC42DD4A07900C724B9 /* Config */ = {
			isa = PBXGroup;
			children = (
				E33E7ACA2DD4A0E900C724B9 /* AdConfig.swift */,
			);
			path = Config;
			sourceTree = "<group>";
		};
		E33E7AE22DD4AA4500C724B9 /* UI */ = {
			isa = PBXGroup;
			children = (
				BA7D801E2ED6A49000B78B40 /* Rixengine */,
				E3D661DF2E79573E00913616 /* TopOn */,
				E30816622E3719D1002E3112 /* Admob */,
				E336DFEF2E16652000B237C0 /* Max */,
				E31956532DF7DA940083BC3C /* MainVC.swift */,
			);
			path = UI;
			sourceTree = "<group>";
		};
		E33E7AE32DD4AA5C00C724B9 /* Assets */ = {
			isa = PBXGroup;
			children = (
				E319563D2DF7D9D60083BC3C /* Localizable.strings */,
			);
			path = Assets;
			sourceTree = "<group>";
		};
		E33E7AEA2DD4AAB600C724B9 /* Extensions */ = {
			isa = PBXGroup;
			children = (
				E33E7AEB2DD4AACF00C724B9 /* UIImageView+Extensions.swift */,
			);
			path = Extensions;
			sourceTree = "<group>";
		};
		E3D661DF2E79573E00913616 /* TopOn */ = {
			isa = PBXGroup;
			children = (
				E3D661D82E79573E00913616 /* TopOnBannerVC.swift */,
				E3D661D92E79573E00913616 /* TopOnInterstitialVC.swift */,
				E3D661DA2E79573E00913616 /* TopOnMainVC.swift */,
				E3D661DB2E79573E00913616 /* TopOnNativeSelfRenderVC.swift */,
				E3D661DC2E79573E00913616 /* TopOnNativeVC.swift */,
				E3D661DD2E79573E00913616 /* TopOnRewardVideoVC.swift */,
				E3D661DE2E79573E00913616 /* TopOnSelfRenderView.swift */,
			);
			path = TopOn;
			sourceTree = "<group>";
		};
		E3EC00562DD4933B00485DAF = {
			isa = PBXGroup;
			children = (
				BA3239AE2F596F9A009DA008 /* custom_adapter */,
				E3EC00612DD4933B00485DAF /* AlxAdsDemo */,
				E3EC00602DD4933B00485DAF /* Products */,
				E3EC00792DD4980C00485DAF /* Frameworks */,
				63DAAC1CA2FA2120E260F575 /* Pods */,
			);
			sourceTree = "<group>";
		};
		E3EC00602DD4933B00485DAF /* Products */ = {
			isa = PBXGroup;
			children = (
				E3EC005F2DD4933B00485DAF /* AlxAdsDemo.app */,
			);
			name = Products;
			sourceTree = "<group>";
		};
		E3EC00612DD4933B00485DAF /* AlxAdsDemo */ = {
			isa = PBXGroup;
			children = (
				E33E7AEA2DD4AAB600C724B9 /* Extensions */,
				E33E7AE32DD4AA5C00C724B9 /* Assets */,
				E33E7AE22DD4AA4500C724B9 /* UI */,
				E33E7AC42DD4A07900C724B9 /* Config */,
				E33E7AC22DD4A02A00C724B9 /* Base */,
				E3EC00622DD4933B00485DAF /* AppDelegate.swift */,
				E3EC00642DD4933B00485DAF /* SceneDelegate.swift */,
				E3EC00662DD4933B00485DAF /* ViewController.swift */,
				E3EC00682DD4933B00485DAF /* Main.storyboard */,
				E3EC006B2DD4933C00485DAF /* Assets.xcassets */,
				E3EC006D2DD4933C00485DAF /* LaunchScreen.storyboard */,
				E3EC00702DD4933C00485DAF /* Info.plist */,
			);
			path = AlxAdsDemo;
			sourceTree = "<group>";
		};
		E3EC00792DD4980C00485DAF /* Frameworks */ = {
			isa = PBXGroup;
			children = (
				E319563A2DF7D9350083BC3C /* AlxDevelop.framework */,
				BA4EEED22F7CC19200D20422 /* AlxAds.xcframework */,
				E31956362DF7D9300083BC3C /* AlxAds.framework */,
				EF81CDE6E5E47A94D03396C6 /* Pods_AlxAdsDemo.framework */,
			);
			name = Frameworks;
			sourceTree = "<group>";
		};
/* End PBXGroup section */

/* Begin PBXNativeTarget section */
		E3EC005E2DD4933B00485DAF /* AlxAdsDemo */ = {
			isa = PBXNativeTarget;
			buildConfigurationList = E3EC00732DD4933C00485DAF /* Build configuration list for PBXNativeTarget "AlxAdsDemo" */;
			buildPhases = (
				04249235768320F3643F7CE8 /* [CP] Check Pods Manifest.lock */,
				E3EC005B2DD4933B00485DAF /* Sources */,
				E3EC005C2DD4933B00485DAF /* Frameworks */,
				E3EC005D2DD4933B00485DAF /* Resources */,
				ECBB5E4E1CDC36CDB657015F /* [CP] Embed Pods Frameworks */,
				0DCF171BF5864C9E08BC4DA2 /* [CP] Copy Pods Resources */,
				BA7A8B982F2B09AE004624F2 /* Embed Frameworks */,
			);
			buildRules = (
			);
			dependencies = (
			);
			name = AlxAdsDemo;
			productName = AlxAdsDemo;
			productReference = E3EC005F2DD4933B00485DAF /* AlxAdsDemo.app */;
			productType = "com.apple.product-type.application";
		};
/* End PBXNativeTarget section */

/* Begin PBXProject section */
		E3EC00572DD4933B00485DAF /* Project object */ = {
			isa = PBXProject;
			attributes = {
				BuildIndependentTargetsInParallel = 1;
				LastSwiftUpdateCheck = 1540;
				LastUpgradeCheck = 1540;
				TargetAttributes = {
					E3EC005E2DD4933B00485DAF = {
						CreatedOnToolsVersion = 15.4;
						LastSwiftMigration = 1540;
					};
				};
			};
			buildConfigurationList = E3EC005A2DD4933B00485DAF /* Build configuration list for PBXProject "AlxAdsDemo" */;
			compatibilityVersion = "Xcode 14.0";
			developmentRegion = en;
			hasScannedForEncodings = 0;
			knownRegions = (
				en,
				Base,
				"zh-Hans",
			);
			mainGroup = E3EC00562DD4933B00485DAF;
			productRefGroup = E3EC00602DD4933B00485DAF /* Products */;
			projectDirPath = "";
			projectRoot = "";
			targets = (
				E3EC005E2DD4933B00485DAF /* AlxAdsDemo */,
			);
		};
/* End PBXProject section */

/* Begin PBXResourcesBuildPhase section */
		E3EC005D2DD4933B00485DAF /* Resources */ = {
			isa = PBXResourcesBuildPhase;
			buildActionMask = 2147483647;
			files = (
				E3EC006C2DD4933C00485DAF /* Assets.xcassets in Resources */,
				E319563F2DF7D9D60083BC3C /* Localizable.strings in Resources */,
				BA7D801F2ED6A49000B78B40 /* AlxBannerXibVC.xib in Resources */,
				E3EC006F2DD4933C00485DAF /* Base in Resources */,
				E3EC006A2DD4933B00485DAF /* Base in Resources */,
			);
			runOnlyForDeploymentPostprocessing = 0;
		};
/* End PBXResourcesBuildPhase section */

/* Begin PBXShellScriptBuildPhase section */
		04249235768320F3643F7CE8 /* [CP] Check Pods Manifest.lock */ = {
			isa = PBXShellScriptBuildPhase;
			buildActionMask = 2147483647;
			files = (
			);
			inputFileListPaths = (
			);
			inputPaths = (
				"${PODS_PODFILE_DIR_PATH}/Podfile.lock",
				"${PODS_ROOT}/Manifest.lock",
			);
			name = "[CP] Check Pods Manifest.lock";
			outputFileListPaths = (
			);
			outputPaths = (
				"$(DERIVED_FILE_DIR)/Pods-AlxAdsDemo-checkManifestLockResult.txt",
			);
			runOnlyForDeploymentPostprocessing = 0;
			shellPath = /bin/sh;
			shellScript = "diff \"${PODS_PODFILE_DIR_PATH}/Podfile.lock\" \"${PODS_ROOT}/Manifest.lock\" > /dev/null\nif [ $? != 0 ] ; then\n    # print error to STDERR\n    echo \"error: The sandbox is not in sync with the Podfile.lock. Run 'pod install' or update your CocoaPods installation.\" >&2\n    exit 1\nfi\n# This output is used by Xcode 'outputs' to avoid re-running this script phase.\necho \"SUCCESS\" > \"${SCRIPT_OUTPUT_FILE_0}\"\n";
			showEnvVarsInLog = 0;
		};
		0DCF171BF5864C9E08BC4DA2 /* [CP] Copy Pods Resources */ = {
			isa = PBXShellScriptBuildPhase;
			buildActionMask = 2147483647;
			files = (
			);
			inputFileListPaths = (
				"${PODS_ROOT}/Target Support Files/Pods-AlxAdsDemo/Pods-AlxAdsDemo-resources-${CONFIGURATION}-input-files.xcfilelist",
			);
			inputPaths = (
			);
			name = "[CP] Copy Pods Resources";
			outputFileListPaths = (
				"${PODS_ROOT}/Target Support Files/Pods-AlxAdsDemo/Pods-AlxAdsDemo-resources-${CONFIGURATION}-output-files.xcfilelist",
			);
			outputPaths = (
			);
			runOnlyForDeploymentPostprocessing = 0;
			shellPath = /bin/sh;
			shellScript = "\"${PODS_ROOT}/Target Support Files/Pods-AlxAdsDemo/Pods-AlxAdsDemo-resources.sh\"\n";
			showEnvVarsInLog = 0;
		};
		ECBB5E4E1CDC36CDB657015F /* [CP] Embed Pods Frameworks */ = {
			isa = PBXShellScriptBuildPhase;
			buildActionMask = 2147483647;
			files = (
			);
			inputFileListPaths = (
				"${PODS_ROOT}/Target Support Files/Pods-AlxAdsDemo/Pods-AlxAdsDemo-frameworks-${CONFIGURATION}-input-files.xcfilelist",
			);
			inputPaths = (
			);
			name = "[CP] Embed Pods Frameworks";
			outputFileListPaths = (
				"${PODS_ROOT}/Target Support Files/Pods-AlxAdsDemo/Pods-AlxAdsDemo-frameworks-${CONFIGURATION}-output-files.xcfilelist",
			);
			outputPaths = (
			);
			runOnlyForDeploymentPostprocessing = 0;
			shellPath = /bin/sh;
			shellScript = "\"${PODS_ROOT}/Target Support Files/Pods-AlxAdsDemo/Pods-AlxAdsDemo-frameworks.sh\"\n";
			showEnvVarsInLog = 0;
		};
/* End PBXShellScriptBuildPhase section */

/* Begin PBXSourcesBuildPhase section */
		E3EC005B2DD4933B00485DAF /* Sources */ = {
			isa = PBXSourcesBuildPhase;
			buildActionMask = 2147483647;
			files = (
				E3EC00672DD4933B00485DAF /* ViewController.swift in Sources */,
				BA3239C52F5970DD009DA008 /* AlxAdmobNetworkExtras.swift in Sources */,
				BA3239C62F5970DD009DA008 /* AlxAdmobBaseAdapter.swift in Sources */,
				BA3239C72F5970DD009DA008 /* AlxAdmobInterstitialAdapter.swift in Sources */,
				BA3239C82F5970DD009DA008 /* AlxAdmobMetaInfo.swift in Sources */,
				BA3239C92F5970DD009DA008 /* AlxAdmobRewardVideoAdapter.swift in Sources */,
				BA3239CA2F5970DD009DA008 /* AlxAdmobNativeAdapter.swift in Sources */,
				BA3239CB2F5970DD009DA008 /* AlxAdmobBannerAdapter.swift in Sources */,
				E33E7AEC2DD4AACF00C724B9 /* UIImageView+Extensions.swift in Sources */,
				BA7D80202ED6A49000B78B40 /* AlxInterstitialBannerVC.swift in Sources */,
				BA7D80212ED6A49000B78B40 /* AlxRewardVideoVC.swift in Sources */,
				BA7D80222ED6A49000B78B40 /* AlxMainVC.swift in Sources */,
				BA7D80232ED6A49000B78B40 /* AlxBannerXibVC.swift in Sources */,
				BA7D80242ED6A49000B78B40 /* AlxInterstitialVC.swift in Sources */,
				BA7D80252ED6A49000B78B40 /* AlxNativeVC.swift in Sources */,
				BA7D80262ED6A49000B78B40 /* AlxBannerVC.swift in Sources */,
				BA3239DA2F5970EB009DA008 /* AlxMaxMediationAdapter.swift in Sources */,
				E308168E2E3C7372002E3112 /* AdmobBannerVC.swift in Sources */,
				E308168F2E3C7372002E3112 /* AdmobMainVC.swift in Sources */,
				E30816902E3C7372002E3112 /* AdmobInterstitialVC.swift in Sources */,
				E30816912E3C7372002E3112 /* AdmobNativeVC.swift in Sources */,
				E30816922E3C7372002E3112 /* AdmobRewardVideoVC.swift in Sources */,
				E3D661E02E79573E00913616 /* TopOnNativeVC.swift in Sources */,
				BA85CB282F5989D6004C86CA /* AlxTopOnInterstitialEvent.swift in Sources */,
				BA85CB292F5989D6004C86CA /* AlxTopOnMetaInfo.swift in Sources */,
				BA85CB2A2F5989D6004C86CA /* AlxTopOnBannerEvent.swift in Sources */,
				BA85CB2B2F5989D6004C86CA /* AlxTopOnNativeRender.swift in Sources */,
				BA85CB2C2F5989D6004C86CA /* AlxTopOnBannerDelegate.swift in Sources */,
				BA85CB2D2F5989D6004C86CA /* AlxTopOnRewardVideoAdapter.swift in Sources */,
				BA85CB2E2F5989D6004C86CA /* AlxTopOnTool.swift in Sources */,
				BA85CB2F2F5989D6004C86CA /* AlxTopOnBiddingRequest.swift in Sources */,
				BA85CB302F5989D6004C86CA /* AlxTopOnRewardVideoDelegate.swift in Sources */,
				BA85CB312F5989D6004C86CA /* AlxTopOnNativeEvent.swift in Sources */,
				BA85CB322F5989D6004C86CA /* AlxTopOnBiddingRequestManager.swift in Sources */,
				BA85CB332F5989D6004C86CA /* AlxTopOnBaseAdapter.swift in Sources */,
				BA85CB342F5989D6004C86CA /* AlxTopOnNativeAdapter.swift in Sources */,
				BA85CB352F5989D6004C86CA /* AlxTopOnDebugHelper.swift in Sources */,
				BA85CB362F5989D6004C86CA /* AlxTopOnNativeDelegate.swift in Sources */,
				BA85CB372F5989D6004C86CA /* AlxTopOnInterstitialDelegate.swift in Sources */,
				BA85CB382F5989D6004C86CA /* AlxTopOnInitAdapter.swift in Sources */,
				BA85CB392F5989D6004C86CA /* AlxTopOnRewardVideoEvent.swift in Sources */,
				BA85CB3A2F5989D6004C86CA /* AlxTopOnBaseManager.swift in Sources */,
				BA85CB3B2F5989D6004C86CA /* AlxTopOnNativeObject.swift in Sources */,
				BA85CB3C2F5989D6004C86CA /* AlxTopOnBannerAdapter.swift in Sources */,
				BA85CB3D2F5989D6004C86CA /* AlxTopOnInterstitialAdapter.swift in Sources */,
				E3D661E12E79573E00913616 /* TopOnInterstitialVC.swift in Sources */,
				E3D661E22E79573E00913616 /* TopOnMainVC.swift in Sources */,
				E3D661E32E79573E00913616 /* TopOnNativeSelfRenderVC.swift in Sources */,
				BADDD12E2F7A4CBB0076B5C3 /* ISAlxCustomRewardedVideo.swift in Sources */,
				BADDD1312F7A4CBB0076B5C3 /* ISAlxCustomBanner.swift in Sources */,
				BADDD1322F7A4CBB0076B5C3 /* ISAlxCustomAdapter.swift in Sources */,
				BADDD1342F7A4CBB0076B5C3 /* AlxLevelPlayMetaInfo.swift in Sources */,
				BADDD1372F7A4CBB0076B5C3 /* ISAlxCustomInterstitial.swift in Sources */,
				E3D661E42E79573E00913616 /* TopOnRewardVideoVC.swift in Sources */,
				E3D661E52E79573E00913616 /* TopOnBannerVC.swift in Sources */,
				E3D661E62E79573E00913616 /* TopOnSelfRenderView.swift in Sources */,
				E33E7ACB2DD4A0E900C724B9 /* AdConfig.swift in Sources */,
				E33E7AC92DD4A0CB00C724B9 /* BaseUIViewController.swift in Sources */,
				E3EC00632DD4933B00485DAF /* AppDelegate.swift in Sources */,
				BA4EEED72F7CFAA100D20422 /* BaseMenuVC.swift in Sources */,
				E3EC00652DD4933B00485DAF /* SceneDelegate.swift in Sources */,
				E30816982E3C738B002E3112 /* MaxInterstitialVC.swift in Sources */,
				E30816992E3C738B002E3112 /* MaxMainVC.swift in Sources */,
				E308169A2E3C738B002E3112 /* MaxNativeVC.swift in Sources */,
				E308169B2E3C738B002E3112 /* MaxRewardVideoVC.swift in Sources */,
				E308169C2E3C738B002E3112 /* MaxBannerVC.swift in Sources */,
				E31956542DF7DA940083BC3C /* MainVC.swift in Sources */,
			);
			runOnlyForDeploymentPostprocessing = 0;
		};
/* End PBXSourcesBuildPhase section */

/* Begin PBXVariantGroup section */
		E319563D2DF7D9D60083BC3C /* Localizable.strings */ = {
			isa = PBXVariantGroup;
			children = (
				E31956402DF7D9F30083BC3C /* en */,
				E319563E2DF7D9D60083BC3C /* zh-Hans */,
			);
			name = Localizable.strings;
			sourceTree = "<group>";
		};
		E3EC00682DD4933B00485DAF /* Main.storyboard */ = {
			isa = PBXVariantGroup;
			children = (
				E3EC00692DD4933B00485DAF /* Base */,
			);
			name = Main.storyboard;
			sourceTree = "<group>";
		};
		E3EC006D2DD4933C00485DAF /* LaunchScreen.storyboard */ = {
			isa = PBXVariantGroup;
			children = (
				E3EC006E2DD4933C00485DAF /* Base */,
			);
			name = LaunchScreen.storyboard;
			sourceTree = "<group>";
		};
/* End PBXVariantGroup section */

/* Begin XCBuildConfiguration section */
		E3EC00712DD4933C00485DAF /* Debug */ = {
			isa = XCBuildConfiguration;
			buildSettings = {
				ALWAYS_SEARCH_USER_PATHS = NO;
				ASSETCATALOG_COMPILER_GENERATE_SWIFT_ASSET_SYMBOL_EXTENSIONS = YES;
				CLANG_ANALYZER_NONNULL = YES;
				CLANG_ANALYZER_NUMBER_OBJECT_CONVERSION = YES_AGGRESSIVE;
				CLANG_CXX_LANGUAGE_STANDARD = "gnu++20";
				CLANG_ENABLE_MODULES = YES;
				CLANG_ENABLE_OBJC_ARC = YES;
				CLANG_ENABLE_OBJC_WEAK = YES;
				CLANG_WARN_BLOCK_CAPTURE_AUTORELEASING = YES;
				CLANG_WARN_BOOL_CONVERSION = YES;
				CLANG_WARN_COMMA = YES;
				CLANG_WARN_CONSTANT_CONVERSION = YES;
				CLANG_WARN_DEPRECATED_OBJC_IMPLEMENTATIONS = YES;
				CLANG_WARN_DIRECT_OBJC_ISA_USAGE = YES_ERROR;
				CLANG_WARN_DOCUMENTATION_COMMENTS = YES;
				CLANG_WARN_EMPTY_BODY = YES;
				CLANG_WARN_ENUM_CONVERSION = YES;
				CLANG_WARN_INFINITE_RECURSION = YES;
				CLANG_WARN_INT_CONVERSION = YES;
				CLANG_WARN_NON_LITERAL_NULL_CONVERSION = YES;
				CLANG_WARN_OBJC_IMPLICIT_RETAIN_SELF = YES;
				CLANG_WARN_OBJC_LITERAL_CONVERSION = YES;
				CLANG_WARN_OBJC_ROOT_CLASS = YES_ERROR;
				CLANG_WARN_QUOTED_INCLUDE_IN_FRAMEWORK_HEADER = YES;
				CLANG_WARN_RANGE_LOOP_ANALYSIS = YES;
				CLANG_WARN_STRICT_PROTOTYPES = YES;
				CLANG_WARN_SUSPICIOUS_MOVE = YES;
				CLANG_WARN_UNGUARDED_AVAILABILITY = YES_AGGRESSIVE;
				CLANG_WARN_UNREACHABLE_CODE = YES;
				CLANG_WARN__DUPLICATE_METHOD_MATCH = YES;
				COPY_PHASE_STRIP = NO;
				DEBUG_INFORMATION_FORMAT = dwarf;
				ENABLE_STRICT_OBJC_MSGSEND = YES;
				ENABLE_TESTABILITY = YES;
				ENABLE_USER_SCRIPT_SANDBOXING = YES;
				GCC_C_LANGUAGE_STANDARD = gnu17;
				GCC_DYNAMIC_NO_PIC = NO;
				GCC_NO_COMMON_BLOCKS = YES;
				GCC_OPTIMIZATION_LEVEL = 0;
				GCC_PREPROCESSOR_DEFINITIONS = (
					"DEBUG=1",
					"$(inherited)",
				);
				GCC_WARN_64_TO_32_BIT_CONVERSION = YES;
				GCC_WARN_ABOUT_RETURN_TYPE = YES_ERROR;
				GCC_WARN_UNDECLARED_SELECTOR = YES;
				GCC_WARN_UNINITIALIZED_AUTOS = YES_AGGRESSIVE;
				GCC_WARN_UNUSED_FUNCTION = YES;
				GCC_WARN_UNUSED_VARIABLE = YES;
				IPHONEOS_DEPLOYMENT_TARGET = 13.0;
				LOCALIZATION_PREFERS_STRING_CATALOGS = YES;
				MTL_ENABLE_DEBUG_INFO = INCLUDE_SOURCE;
				MTL_FAST_MATH = YES;
				ONLY_ACTIVE_ARCH = YES;
				SDKROOT = iphoneos;
				SWIFT_ACTIVE_COMPILATION_CONDITIONS = "DEBUG $(inherited)";
				SWIFT_OPTIMIZATION_LEVEL = "-Onone";
			};
			name = Debug;
		};
		E3EC00722DD4933C00485DAF /* Release */ = {
			isa = XCBuildConfiguration;
			buildSettings = {
				ALWAYS_SEARCH_USER_PATHS = NO;
				ASSETCATALOG_COMPILER_GENERATE_SWIFT_ASSET_SYMBOL_EXTENSIONS = YES;
				CLANG_ANALYZER_NONNULL = YES;
				CLANG_ANALYZER_NUMBER_OBJECT_CONVERSION = YES_AGGRESSIVE;
				CLANG_CXX_LANGUAGE_STANDARD = "gnu++20";
				CLANG_ENABLE_MODULES = YES;
				CLANG_ENABLE_OBJC_ARC = YES;
				CLANG_ENABLE_OBJC_WEAK = YES;
				CLANG_WARN_BLOCK_CAPTURE_AUTORELEASING = YES;
				CLANG_WARN_BOOL_CONVERSION = YES;
				CLANG_WARN_COMMA = YES;
				CLANG_WARN_CONSTANT_CONVERSION = YES;
				CLANG_WARN_DEPRECATED_OBJC_IMPLEMENTATIONS = YES;
				CLANG_WARN_DIRECT_OBJC_ISA_USAGE = YES_ERROR;
				CLANG_WARN_DOCUMENTATION_COMMENTS = YES;
				CLANG_WARN_EMPTY_BODY = YES;
				CLANG_WARN_ENUM_CONVERSION = YES;
				CLANG_WARN_INFINITE_RECURSION = YES;
				CLANG_WARN_INT_CONVERSION = YES;
				CLANG_WARN_NON_LITERAL_NULL_CONVERSION = YES;
				CLANG_WARN_OBJC_IMPLICIT_RETAIN_SELF = YES;
				CLANG_WARN_OBJC_LITERAL_CONVERSION = YES;
				CLANG_WARN_OBJC_ROOT_CLASS = YES_ERROR;
				CLANG_WARN_QUOTED_INCLUDE_IN_FRAMEWORK_HEADER = YES;
				CLANG_WARN_RANGE_LOOP_ANALYSIS = YES;
				CLANG_WARN_STRICT_PROTOTYPES = YES;
				CLANG_WARN_SUSPICIOUS_MOVE = YES;
				CLANG_WARN_UNGUARDED_AVAILABILITY = YES_AGGRESSIVE;
				CLANG_WARN_UNREACHABLE_CODE = YES;
				CLANG_WARN__DUPLICATE_METHOD_MATCH = YES;
				COPY_PHASE_STRIP = NO;
				DEBUG_INFORMATION_FORMAT = "dwarf-with-dsym";
				ENABLE_NS_ASSERTIONS = NO;
				ENABLE_STRICT_OBJC_MSGSEND = YES;
				ENABLE_USER_SCRIPT_SANDBOXING = YES;
				GCC_C_LANGUAGE_STANDARD = gnu17;
				GCC_NO_COMMON_BLOCKS = YES;
				GCC_WARN_64_TO_32_BIT_CONVERSION = YES;
				GCC_WARN_ABOUT_RETURN_TYPE = YES_ERROR;
				GCC_WARN_UNDECLARED_SELECTOR = YES;
				GCC_WARN_UNINITIALIZED_AUTOS = YES_AGGRESSIVE;
				GCC_WARN_UNUSED_FUNCTION = YES;
				GCC_WARN_UNUSED_VARIABLE = YES;
				IPHONEOS_DEPLOYMENT_TARGET = 13.0;
				LOCALIZATION_PREFERS_STRING_CATALOGS = YES;
				MTL_ENABLE_DEBUG_INFO = NO;
				MTL_FAST_MATH = YES;
				SDKROOT = iphoneos;
				SWIFT_COMPILATION_MODE = wholemodule;
				VALIDATE_PRODUCT = YES;
			};
			name = Release;
		};
		E3EC00742DD4933C00485DAF /* Debug */ = {
			isa = XCBuildConfiguration;
			baseConfigurationReference = FE396B92C5072417E6A32193 /* Pods-AlxAdsDemo.debug.xcconfig */;
			buildSettings = {
				ASSETCATALOG_COMPILER_APPICON_NAME = AppIcon;
				ASSETCATALOG_COMPILER_GLOBAL_ACCENT_COLOR_NAME = AccentColor;
				CODE_SIGN_STYLE = Automatic;
				CURRENT_PROJECT_VERSION = 1;
				DEVELOPMENT_TEAM = 23Q35ZFNJZ;
				ENABLE_USER_SCRIPT_SANDBOXING = NO;
				GENERATE_INFOPLIST_FILE = YES;
				INFOPLIST_FILE = AlxAdsDemo/Info.plist;
				INFOPLIST_KEY_NSUserTrackingUsageDescription = "Alxgorix advertising application case";
				INFOPLIST_KEY_UIApplicationSupportsIndirectInputEvents = YES;
				INFOPLIST_KEY_UILaunchStoryboardName = LaunchScreen;
				INFOPLIST_KEY_UIMainStoryboardFile = "";
				INFOPLIST_KEY_UISupportedInterfaceOrientations_iPad = "UIInterfaceOrientationPortrait UIInterfaceOrientationPortraitUpsideDown UIInterfaceOrientationLandscapeLeft UIInterfaceOrientationLandscapeRight";
				INFOPLIST_KEY_UISupportedInterfaceOrientations_iPhone = "UIInterfaceOrientationPortrait UIInterfaceOrientationLandscapeLeft UIInterfaceOrientationLandscapeRight";
				IPHONEOS_DEPLOYMENT_TARGET = 13.0;
				LD_RUNPATH_SEARCH_PATHS = (
					"$(inherited)",
					"@executable_path/Frameworks",
				);
				MARKETING_VERSION = 1.0;
				PRODUCT_BUNDLE_IDENTIFIER = com.rixengine.sdk.test;
				PRODUCT_NAME = "$(TARGET_NAME)";
				SWIFT_EMIT_LOC_STRINGS = YES;
				SWIFT_VERSION = 5.0;
				TARGETED_DEVICE_FAMILY = "1,2";
			};
			name = Debug;
		};
		E3EC00752DD4933C00485DAF /* Release */ = {
			isa = XCBuildConfiguration;
			baseConfigurationReference = E88B9962E29132041C782D02 /* Pods-AlxAdsDemo.release.xcconfig */;
			buildSettings = {
				ASSETCATALOG_COMPILER_APPICON_NAME = AppIcon;
				ASSETCATALOG_COMPILER_GLOBAL_ACCENT_COLOR_NAME = AccentColor;
				CODE_SIGN_STYLE = Automatic;
				CURRENT_PROJECT_VERSION = 1;
				DEVELOPMENT_TEAM = 23Q35ZFNJZ;
				ENABLE_USER_SCRIPT_SANDBOXING = NO;
				GENERATE_INFOPLIST_FILE = YES;
				INFOPLIST_FILE = AlxAdsDemo/Info.plist;
				INFOPLIST_KEY_NSUserTrackingUsageDescription = "Alxgorix advertising application case";
				INFOPLIST_KEY_UIApplicationSupportsIndirectInputEvents = YES;
				INFOPLIST_KEY_UILaunchStoryboardName = LaunchScreen;
				INFOPLIST_KEY_UIMainStoryboardFile = "";
				INFOPLIST_KEY_UISupportedInterfaceOrientations_iPad = "UIInterfaceOrientationPortrait UIInterfaceOrientationPortraitUpsideDown UIInterfaceOrientationLandscapeLeft UIInterfaceOrientationLandscapeRight";
				INFOPLIST_KEY_UISupportedInterfaceOrientations_iPhone = "UIInterfaceOrientationPortrait UIInterfaceOrientationLandscapeLeft UIInterfaceOrientationLandscapeRight";
				IPHONEOS_DEPLOYMENT_TARGET = 13.0;
				LD_RUNPATH_SEARCH_PATHS = (
					"$(inherited)",
					"@executable_path/Frameworks",
				);
				MARKETING_VERSION = 1.0;
				PRODUCT_BUNDLE_IDENTIFIER = com.rixengine.sdk.test;
				PRODUCT_NAME = "$(TARGET_NAME)";
				SWIFT_EMIT_LOC_STRINGS = YES;
				SWIFT_VERSION = 5.0;
				TARGETED_DEVICE_FAMILY = "1,2";
			};
			name = Release;
		};
/* End XCBuildConfiguration section */

/* Begin XCConfigurationList section */
		E3EC005A2DD4933B00485DAF /* Build configuration list for PBXProject "AlxAdsDemo" */ = {
			isa = XCConfigurationList;
			buildConfigurations = (
				E3EC00712DD4933C00485DAF /* Debug */,
				E3EC00722DD4933C00485DAF /* Release */,
			);
			defaultConfigurationIsVisible = 0;
			defaultConfigurationName = Release;
		};
		E3EC00732DD4933C00485DAF /* Build configuration list for PBXNativeTarget "AlxAdsDemo" */ = {
			isa = XCConfigurationList;
			buildConfigurations = (
				E3EC00742DD4933C00485DAF /* Debug */,
				E3EC00752DD4933C00485DAF /* Release */,
			);
			defaultConfigurationIsVisible = 0;
			defaultConfigurationName = Release;
		};
/* End XCConfigurationList section */
	};
	rootObject = E3EC00572DD4933B00485DAF /* Project object */;
}
